// !$*UTF8*$!
{
	archiveVersion = 1;
	classes = {
	};
	objectVersion = 56;
	objects = {

/* Begin PBXBuildFile section */
		60080BB32B6D974D009E8A5E /* Medium_1291_Sequential_Digits.swift in Sources */ = {isa = PBXBuildFile; fileRef = 60080BB22B6D974D009E8A5E /* Medium_1291_Sequential_Digits.swift */; };
		60080BB42B6D974D009E8A5E /* Medium_1291_Sequential_Digits.swift in Sources */ = {isa = PBXBuildFile; fileRef = 60080BB22B6D974D009E8A5E /* Medium_1291_Sequential_Digits.swift */; };
		600CCF812B556E3B000F2508 /* Medium_2225_Find_Players_With_Zero_or_One_Losses.swift in Sources */ = {isa = PBXBuildFile; fileRef = 600CCF802B556E3B000F2508 /* Medium_2225_Find_Players_With_Zero_or_One_Losses.swift */; };
		600CCF822B556E3B000F2508 /* Medium_2225_Find_Players_With_Zero_or_One_Losses.swift in Sources */ = {isa = PBXBuildFile; fileRef = 600CCF802B556E3B000F2508 /* Medium_2225_Find_Players_With_Zero_or_One_Losses.swift */; };
		600CCF842B556E68000F2508 /* Medium_2225_Find_Players_With_Zero_or_One_Losses_Test.swift in Sources */ = {isa = PBXBuildFile; fileRef = 600CCF832B556E68000F2508 /* Medium_2225_Find_Players_With_Zero_or_One_Losses_Test.swift */; };
		600DABF62B5037FB00911CD9 /* Medium_1026_Maximum_Difference_Between_Node_and_Ancestor.swift in Sources */ = {isa = PBXBuildFile; fileRef = 600DABF52B5037FB00911CD9 /* Medium_1026_Maximum_Difference_Between_Node_and_Ancestor.swift */; };
		600DABF72B5037FB00911CD9 /* Medium_1026_Maximum_Difference_Between_Node_and_Ancestor.swift in Sources */ = {isa = PBXBuildFile; fileRef = 600DABF52B5037FB00911CD9 /* Medium_1026_Maximum_Difference_Between_Node_and_Ancestor.swift */; };
		600DABF92B503E5400911CD9 /* Medium_1026_Maximum_Difference_Between_Node_and_Ancestor_Test.swift in Sources */ = {isa = PBXBuildFile; fileRef = 600DABF82B503E5400911CD9 /* Medium_1026_Maximum_Difference_Between_Node_and_Ancestor_Test.swift */; };
		600E93302B69623B003163AE /* Medium_0150_Evaluate_Reverse_Polish_Notation.swift in Sources */ = {isa = PBXBuildFile; fileRef = 600E932F2B69623B003163AE /* Medium_0150_Evaluate_Reverse_Polish_Notation.swift */; };
		600E93312B69623B003163AE /* Medium_0150_Evaluate_Reverse_Polish_Notation.swift in Sources */ = {isa = PBXBuildFile; fileRef = 600E932F2B69623B003163AE /* Medium_0150_Evaluate_Reverse_Polish_Notation.swift */; };
		601130B52B4827F400E78FE6 /* Easy_0021_Merge_Two_Sorted_Lists.swift in Sources */ = {isa = PBXBuildFile; fileRef = 601130B42B4827F400E78FE6 /* Easy_0021_Merge_Two_Sorted_Lists.swift */; };
		6013D3262B4467FF0086DDD5 /* AppDelegate.swift in Sources */ = {isa = PBXBuildFile; fileRef = 6013D3252B4467FF0086DDD5 /* AppDelegate.swift */; };
		6013D3282B4467FF0086DDD5 /* SceneDelegate.swift in Sources */ = {isa = PBXBuildFile; fileRef = 6013D3272B4467FF0086DDD5 /* SceneDelegate.swift */; };
		6013D32A2B4467FF0086DDD5 /* ViewController.swift in Sources */ = {isa = PBXBuildFile; fileRef = 6013D3292B4467FF0086DDD5 /* ViewController.swift */; };
		6013D32D2B4467FF0086DDD5 /* Main.storyboard in Resources */ = {isa = PBXBuildFile; fileRef = 6013D32B2B4467FF0086DDD5 /* Main.storyboard */; };
		6013D32F2B4468010086DDD5 /* Assets.xcassets in Resources */ = {isa = PBXBuildFile; fileRef = 6013D32E2B4468010086DDD5 /* Assets.xcassets */; };
		6013D3322B4468010086DDD5 /* LaunchScreen.storyboard in Resources */ = {isa = PBXBuildFile; fileRef = 6013D3302B4468010086DDD5 /* LaunchScreen.storyboard */; };
		6013D33D2B4468010086DDD5 /* LeetCodeSolutionTests.swift in Sources */ = {isa = PBXBuildFile; fileRef = 6013D33C2B4468010086DDD5 /* LeetCodeSolutionTests.swift */; };
		6013D3472B4468010086DDD5 /* LeetCodeSolutionUITests.swift in Sources */ = {isa = PBXBuildFile; fileRef = 6013D3462B4468010086DDD5 /* LeetCodeSolutionUITests.swift */; };
		6013D3492B4468010086DDD5 /* LeetCodeSolutionUITestsLaunchTests.swift in Sources */ = {isa = PBXBuildFile; fileRef = 6013D3482B4468010086DDD5 /* LeetCodeSolutionUITestsLaunchTests.swift */; };
		6013D3572B4468780086DDD5 /* Easy_0001_Two_Sum_Test.swift in Sources */ = {isa = PBXBuildFile; fileRef = 6013D3562B4468780086DDD5 /* Easy_0001_Two_Sum_Test.swift */; };
		6013D35A2B4469860086DDD5 /* SolutionsTestsHelper.swift in Sources */ = {isa = PBXBuildFile; fileRef = 6013D3592B4469860086DDD5 /* SolutionsTestsHelper.swift */; };
		6013D35D2B4469F70086DDD5 /* Easy_0001_Two_Sum.swift in Sources */ = {isa = PBXBuildFile; fileRef = 6013D35C2B4469F70086DDD5 /* Easy_0001_Two_Sum.swift */; };
		6013D35E2B446A660086DDD5 /* Easy_0001_Two_Sum.swift in Sources */ = {isa = PBXBuildFile; fileRef = 6013D35C2B4469F70086DDD5 /* Easy_0001_Two_Sum.swift */; };
		601C4A812B56C4F500A5E210 /* Medium_0380_Insert_Delete_GetRandom_O(1).swift in Sources */ = {isa = PBXBuildFile; fileRef = 601C4A802B56C4F500A5E210 /* Medium_0380_Insert_Delete_GetRandom_O(1).swift */; };
		601C4A822B56C4F500A5E210 /* Medium_0380_Insert_Delete_GetRandom_O(1).swift in Sources */ = {isa = PBXBuildFile; fileRef = 601C4A802B56C4F500A5E210 /* Medium_0380_Insert_Delete_GetRandom_O(1).swift */; };
		601C4A842B57571300A5E210 /* Easy_1207_Unique_Number_of_Occurrences.swift in Sources */ = {isa = PBXBuildFile; fileRef = 601C4A832B57571300A5E210 /* Easy_1207_Unique_Number_of_Occurrences.swift */; };
		601C4A852B57571300A5E210 /* Easy_1207_Unique_Number_of_Occurrences.swift in Sources */ = {isa = PBXBuildFile; fileRef = 601C4A832B57571300A5E210 /* Easy_1207_Unique_Number_of_Occurrences.swift */; };
		601C4A872B57580200A5E210 /* Easy_1207_Unique_Number_of_Occurrences_Test.swift in Sources */ = {isa = PBXBuildFile; fileRef = 601C4A862B57580200A5E210 /* Easy_1207_Unique_Number_of_Occurrences_Test.swift */; };
		602877AF2B45B49B005457FE /* Easy_0009_Palindrome_Number.swift in Sources */ = {isa = PBXBuildFile; fileRef = 602877AE2B45B49B005457FE /* Easy_0009_Palindrome_Number.swift */; };
		602877B12B45B529005457FE /* Easy_0009_Palindrome_Number_Test.swift in Sources */ = {isa = PBXBuildFile; fileRef = 602877B02B45B529005457FE /* Easy_0009_Palindrome_Number_Test.swift */; };
		602877B22B45B5A6005457FE /* Easy_0009_Palindrome_Number.swift in Sources */ = {isa = PBXBuildFile; fileRef = 602877AE2B45B49B005457FE /* Easy_0009_Palindrome_Number.swift */; };
		602877E82B4711C8005457FE /* Easy_0013_Roman_To_Integer.swift in Sources */ = {isa = PBXBuildFile; fileRef = 602877E72B4711C8005457FE /* Easy_0013_Roman_To_Integer.swift */; };
		602877EA2B47128B005457FE /* Easy_0013_Roman_To_Integer_Test.swift in Sources */ = {isa = PBXBuildFile; fileRef = 602877E92B47128B005457FE /* Easy_0013_Roman_To_Integer_Test.swift */; };
		602877EB2B4712EE005457FE /* Easy_0013_Roman_To_Integer.swift in Sources */ = {isa = PBXBuildFile; fileRef = 602877E72B4711C8005457FE /* Easy_0013_Roman_To_Integer.swift */; };
		6039534F2B7128C20053F1E3 /* Easy_0387_First_Unique_Character_in_a_String.swift in Sources */ = {isa = PBXBuildFile; fileRef = 6039534E2B7128C20053F1E3 /* Easy_0387_First_Unique_Character_in_a_String.swift */; };
		603953502B7128C20053F1E3 /* Easy_0387_First_Unique_Character_in_a_String.swift in Sources */ = {isa = PBXBuildFile; fileRef = 6039534E2B7128C20053F1E3 /* Easy_0387_First_Unique_Character_in_a_String.swift */; };
		603953522B712D6F0053F1E3 /* Easy_0387_First_Unique_Character_in_a_String_Test.swift in Sources */ = {isa = PBXBuildFile; fileRef = 603953512B712D6F0053F1E3 /* Easy_0387_First_Unique_Character_in_a_String_Test.swift */; };
		603AECAF2B6FF3080005286D /* Medium_0075_Sort_Colors.swift in Sources */ = {isa = PBXBuildFile; fileRef = 603AECAE2B6FF3080005286D /* Medium_0075_Sort_Colors.swift */; };
		603AECB02B6FF30B0005286D /* Medium_0075_Sort_Colors.swift in Sources */ = {isa = PBXBuildFile; fileRef = 603AECAE2B6FF3080005286D /* Medium_0075_Sort_Colors.swift */; };
		603AECB22B6FF3330005286D /* Medium_0075_Sort_Colors_Test.swift in Sources */ = {isa = PBXBuildFile; fileRef = 603AECB12B6FF3330005286D /* Medium_0075_Sort_Colors_Test.swift */; };
		604E3DFA2B729A1E00502B29 /* Medium_0049_Group_Anagrams.swift in Sources */ = {isa = PBXBuildFile; fileRef = 604E3DF92B729A1E00502B29 /* Medium_0049_Group_Anagrams.swift */; };
		604E3DFB2B729A1E00502B29 /* Medium_0049_Group_Anagrams.swift in Sources */ = {isa = PBXBuildFile; fileRef = 604E3DF92B729A1E00502B29 /* Medium_0049_Group_Anagrams.swift */; };
		604E3DFD2B734B6F00502B29 /* Medium_0451_Sort_Characters_By_Frequency .swift in Sources */ = {isa = PBXBuildFile; fileRef = 604E3DFC2B734B6F00502B29 /* Medium_0451_Sort_Characters_By_Frequency .swift */; };
		604E3DFE2B734B6F00502B29 /* Medium_0451_Sort_Characters_By_Frequency .swift in Sources */ = {isa = PBXBuildFile; fileRef = 604E3DFC2B734B6F00502B29 /* Medium_0451_Sort_Characters_By_Frequency .swift */; };
		604E3E002B734DD200502B29 /* Medium_0451_Sort_Characters_By_Frequency_Test.swift in Sources */ = {isa = PBXBuildFile; fileRef = 604E3DFF2B734DD200502B29 /* Medium_0451_Sort_Characters_By_Frequency_Test.swift */; };
		604E3E022B73901300502B29 /* Easy_0217_Contains_Duplicate.swift in Sources */ = {isa = PBXBuildFile; fileRef = 604E3E012B73901300502B29 /* Easy_0217_Contains_Duplicate.swift */; };
		604E3E032B73901500502B29 /* Easy_0217_Contains_Duplicate.swift in Sources */ = {isa = PBXBuildFile; fileRef = 604E3E012B73901300502B29 /* Easy_0217_Contains_Duplicate.swift */; };
		604E3E052B7390F600502B29 /* Easy_0217_Contains_Duplicate_Test.swift in Sources */ = {isa = PBXBuildFile; fileRef = 604E3E042B7390F600502B29 /* Easy_0217_Contains_Duplicate_Test.swift */; };
		6098CC7A2B68067C00735F2C /* Easy_0232_Implement_Queue_using_Stacks.swift in Sources */ = {isa = PBXBuildFile; fileRef = 6098CC792B68067C00735F2C /* Easy_0232_Implement_Queue_using_Stacks.swift */; };
		6098CC7B2B68067C00735F2C /* Easy_0232_Implement_Queue_using_Stacks.swift in Sources */ = {isa = PBXBuildFile; fileRef = 6098CC792B68067C00735F2C /* Easy_0232_Implement_Queue_using_Stacks.swift */; };
		60A4FFAA2B4C5A3700A2C56E /* Easy_0070_Climbing_Stairs.swift in Sources */ = {isa = PBXBuildFile; fileRef = 60A4FFA92B4C5A3700A2C56E /* Easy_0070_Climbing_Stairs.swift */; };
		60A4FFAB2B4C5A3700A2C56E /* Easy_0070_Climbing_Stairs.swift in Sources */ = {isa = PBXBuildFile; fileRef = 60A4FFA92B4C5A3700A2C56E /* Easy_0070_Climbing_Stairs.swift */; };
		60A4FFAE2B4C5C2C00A2C56E /* Easy_0070_Climbing_Stairs_Test.swift in Sources */ = {isa = PBXBuildFile; fileRef = 60A4FFAC2B4C5C2C00A2C56E /* Easy_0070_Climbing_Stairs_Test.swift */; };
		60A8EB1C2B49B96A0015C254 /* Easy_0026_Remove_Duplicates_From_Sorted_Array.swift in Sources */ = {isa = PBXBuildFile; fileRef = 60A8EB1B2B49B96A0015C254 /* Easy_0026_Remove_Duplicates_From_Sorted_Array.swift */; };
		60A8EB1D2B49B96A0015C254 /* Easy_0026_Remove_Duplicates_From_Sorted_Array.swift in Sources */ = {isa = PBXBuildFile; fileRef = 60A8EB1B2B49B96A0015C254 /* Easy_0026_Remove_Duplicates_From_Sorted_Array.swift */; };
		60A8EB1F2B49B9CB0015C254 /* Easy_0026_Remove_Duplicates_From_Sorted_Array_Test.swift in Sources */ = {isa = PBXBuildFile; fileRef = 60A8EB1E2B49B9CB0015C254 /* Easy_0026_Remove_Duplicates_From_Sorted_Array_Test.swift */; };
		60B59BB42B5A94EB009A801D /* Medium_0931_Minimum_Falling_Path_Sum.swift in Sources */ = {isa = PBXBuildFile; fileRef = 60B59BB32B5A94EB009A801D /* Medium_0931_Minimum_Falling_Path_Sum.swift */; };
		60B59BB52B5A94EB009A801D /* Medium_0931_Minimum_Falling_Path_Sum.swift in Sources */ = {isa = PBXBuildFile; fileRef = 60B59BB32B5A94EB009A801D /* Medium_0931_Minimum_Falling_Path_Sum.swift */; };
		60B59BB82B5A9523009A801D /* Medium_0931_Minimum_Falling_Path_Sum_Test.swift in Sources */ = {isa = PBXBuildFile; fileRef = 60B59BB62B5A9523009A801D /* Medium_0931_Minimum_Falling_Path_Sum_Test.swift */; };
		60B59BBA2B5C3135009A801D /* Medium_0907_Sum_of_Subarray_Minimums.swift in Sources */ = {isa = PBXBuildFile; fileRef = 60B59BB92B5C3135009A801D /* Medium_0907_Sum_of_Subarray_Minimums.swift */; };
		60B59BBB2B5C3135009A801D /* Medium_0907_Sum_of_Subarray_Minimums.swift in Sources */ = {isa = PBXBuildFile; fileRef = 60B59BB92B5C3135009A801D /* Medium_0907_Sum_of_Subarray_Minimums.swift */; };
		60B59BBD2B5C3168009A801D /* Medium_0907_Sum_of_Subarray_Minimums_Test.swift in Sources */ = {isa = PBXBuildFile; fileRef = 60B59BBC2B5C3168009A801D /* Medium_0907_Sum_of_Subarray_Minimums_Test.swift */; };
		60B59BBF2B5D279C009A801D /* Medium_0198_House_Robber.swift in Sources */ = {isa = PBXBuildFile; fileRef = 60B59BBE2B5D279C009A801D /* Medium_0198_House_Robber.swift */; };
		60B59BC02B5D279C009A801D /* Medium_0198_House_Robber.swift in Sources */ = {isa = PBXBuildFile; fileRef = 60B59BBE2B5D279C009A801D /* Medium_0198_House_Robber.swift */; };
		60B59BC22B5D2F50009A801D /* Medium_0198_House_Robber_Test.swift in Sources */ = {isa = PBXBuildFile; fileRef = 60B59BC12B5D2F50009A801D /* Medium_0198_House_Robber_Test.swift */; };
		60B59BC42B5D7515009A801D /* Medium_2610_Convert_an_Array_Into_a_2D_Array_With_Conditions.swift in Sources */ = {isa = PBXBuildFile; fileRef = 60B59BC32B5D7515009A801D /* Medium_2610_Convert_an_Array_Into_a_2D_Array_With_Conditions.swift */; };
		60B59BC52B5D7515009A801D /* Medium_2610_Convert_an_Array_Into_a_2D_Array_With_Conditions.swift in Sources */ = {isa = PBXBuildFile; fileRef = 60B59BC32B5D7515009A801D /* Medium_2610_Convert_an_Array_Into_a_2D_Array_With_Conditions.swift */; };
		60B59BC72B5D766F009A801D /* Medium_2610_Convert_an_Array_Into_a_2D_Array_With_Conditions_Test.swift in Sources */ = {isa = PBXBuildFile; fileRef = 60B59BC62B5D766F009A801D /* Medium_2610_Convert_an_Array_Into_a_2D_Array_With_Conditions_Test.swift */; };
		60B59BC92B5D80E4009A801D /* Medium_1375_Number_of_Times_Binary_String_Is_Prefix_Aligned.swift in Sources */ = {isa = PBXBuildFile; fileRef = 60B59BC82B5D80E4009A801D /* Medium_1375_Number_of_Times_Binary_String_Is_Prefix_Aligned.swift */; };
		60B59BCA2B5D80E4009A801D /* Medium_1375_Number_of_Times_Binary_String_Is_Prefix_Aligned.swift in Sources */ = {isa = PBXBuildFile; fileRef = 60B59BC82B5D80E4009A801D /* Medium_1375_Number_of_Times_Binary_String_Is_Prefix_Aligned.swift */; };
		60B59BCC2B5D81E0009A801D /* Medium_1375_Number_of_Times_Binary_String_Is_Prefix_Aligned_Test.swift in Sources */ = {isa = PBXBuildFile; fileRef = 60B59BCB2B5D81E0009A801D /* Medium_1375_Number_of_Times_Binary_String_Is_Prefix_Aligned_Test.swift */; };
		60B59BD12B5DEB64009A801D /* Easy_0645_Set_Mismatch.swift in Sources */ = {isa = PBXBuildFile; fileRef = 60B59BD02B5DEB64009A801D /* Easy_0645_Set_Mismatch.swift */; };
		60B59BD22B5DEB64009A801D /* Easy_0645_Set_Mismatch.swift in Sources */ = {isa = PBXBuildFile; fileRef = 60B59BD02B5DEB64009A801D /* Easy_0645_Set_Mismatch.swift */; };
		60B59BD42B5DEDD5009A801D /* Easy_0645_Set_Mismatch_Test.swift in Sources */ = {isa = PBXBuildFile; fileRef = 60B59BD32B5DEDD5009A801D /* Easy_0645_Set_Mismatch_Test.swift */; };
		60B88F502B6011CE00553DDA /* Medium_1239_Maximum_Length_of_a_Concatenated_String_with_Unique_Characters.swift in Sources */ = {isa = PBXBuildFile; fileRef = 60B88F4F2B6011CE00553DDA /* Medium_1239_Maximum_Length_of_a_Concatenated_String_with_Unique_Characters.swift */; };
		60B88F512B6011CE00553DDA /* Medium_1239_Maximum_Length_of_a_Concatenated_String_with_Unique_Characters.swift in Sources */ = {isa = PBXBuildFile; fileRef = 60B88F4F2B6011CE00553DDA /* Medium_1239_Maximum_Length_of_a_Concatenated_String_with_Unique_Characters.swift */; };
		60B88F542B60155400553DDA /* Medium_1239_Maximum_Length_of_a_Concatenated_String_with_Unique_Characters_Test.swift in Sources */ = {isa = PBXBuildFile; fileRef = 60B88F522B60155400553DDA /* Medium_1239_Maximum_Length_of_a_Concatenated_String_with_Unique_Characters_Test.swift */; };
		60BA660A2B4DA844001E5B88 /* Easy_0136_Single_Number.swift in Sources */ = {isa = PBXBuildFile; fileRef = 60BA66092B4DA844001E5B88 /* Easy_0136_Single_Number.swift */; };
		60BA660B2B4DA844001E5B88 /* Easy_0136_Single_Number.swift in Sources */ = {isa = PBXBuildFile; fileRef = 60BA66092B4DA844001E5B88 /* Easy_0136_Single_Number.swift */; };
		60BA660E2B4DA8C0001E5B88 /* Easy_0136_Single_Number_Test.swift in Sources */ = {isa = PBXBuildFile; fileRef = 60BA660C2B4DA8C0001E5B88 /* Easy_0136_Single_Number_Test.swift */; };
		60BA66102B4DB0B0001E5B88 /* Easy_0872_Leaf_Similar_Trees.swift in Sources */ = {isa = PBXBuildFile; fileRef = 60BA660F2B4DB0B0001E5B88 /* Easy_0872_Leaf_Similar_Trees.swift */; };
		60BA66112B4DB0B0001E5B88 /* Easy_0872_Leaf_Similar_Trees.swift in Sources */ = {isa = PBXBuildFile; fileRef = 60BA660F2B4DB0B0001E5B88 /* Easy_0872_Leaf_Similar_Trees.swift */; };
		60BA66142B4DB32F001E5B88 /* Easy_0872_Leaf_Similar_Trees_Test.swift in Sources */ = {isa = PBXBuildFile; fileRef = 60BA66122B4DB32F001E5B88 /* Easy_0872_Leaf_Similar_Trees_Test.swift */; };
		60BA662A2B4EF9C2001E5B88 /* Medium_2385_Amount_of_Time_for_Binary_Tree_to_Be_Infected.swift in Sources */ = {isa = PBXBuildFile; fileRef = 60BA66292B4EF9C2001E5B88 /* Medium_2385_Amount_of_Time_for_Binary_Tree_to_Be_Infected.swift */; };
		60BA662B2B4EF9C2001E5B88 /* Medium_2385_Amount_of_Time_for_Binary_Tree_to_Be_Infected.swift in Sources */ = {isa = PBXBuildFile; fileRef = 60BA66292B4EF9C2001E5B88 /* Medium_2385_Amount_of_Time_for_Binary_Tree_to_Be_Infected.swift */; };
		60BA662F2B4EFA11001E5B88 /* Medium_2385_Amount_of_Time_for_Binary_Tree_to_Be_Infected_Test.swift in Sources */ = {isa = PBXBuildFile; fileRef = 60BA662D2B4EFA11001E5B88 /* Medium_2385_Amount_of_Time_for_Binary_Tree_to_Be_Infected_Test.swift */; };
		60BD83842B515F6600991633 /* Easy_1704_Determine_if_String_Halves_Are_Alike.swift in Sources */ = {isa = PBXBuildFile; fileRef = 60BD83832B515F6600991633 /* Easy_1704_Determine_if_String_Halves_Are_Alike.swift */; };
		60BD83852B515F6600991633 /* Easy_1704_Determine_if_String_Halves_Are_Alike.swift in Sources */ = {isa = PBXBuildFile; fileRef = 60BD83832B515F6600991633 /* Easy_1704_Determine_if_String_Halves_Are_Alike.swift */; };
		60BD83872B51612C00991633 /* Easy_1704_Determine_if_String_Halves_Are_Alike_Test.swift in Sources */ = {isa = PBXBuildFile; fileRef = 60BD83862B51612C00991633 /* Easy_1704_Determine_if_String_Halves_Are_Alike_Test.swift */; };
		60BD83892B521BDE00991633 /* Medium_1347_Minimum_Number_of_Steps_to_Make_Two_Strings_Anagram.swift in Sources */ = {isa = PBXBuildFile; fileRef = 60BD83882B521BDE00991633 /* Medium_1347_Minimum_Number_of_Steps_to_Make_Two_Strings_Anagram.swift */; };
		60BD838A2B521BDE00991633 /* Medium_1347_Minimum_Number_of_Steps_to_Make_Two_Strings_Anagram.swift in Sources */ = {isa = PBXBuildFile; fileRef = 60BD83882B521BDE00991633 /* Medium_1347_Minimum_Number_of_Steps_to_Make_Two_Strings_Anagram.swift */; };
		60BD838C2B521F7A00991633 /* Medium_1347_Minimum_Number_of_Steps_to_Make_Two_Strings_Anagram_Test.swift in Sources */ = {isa = PBXBuildFile; fileRef = 60BD838B2B521F7A00991633 /* Medium_1347_Minimum_Number_of_Steps_to_Make_Two_Strings_Anagram_Test.swift */; };
		60CA78452B62C12100577AEF /* Medium_1143_Longest_Common_Subsequence.swift in Sources */ = {isa = PBXBuildFile; fileRef = 60CA78442B62C12100577AEF /* Medium_1143_Longest_Common_Subsequence.swift */; };
		60CA78462B62C12100577AEF /* Medium_1143_Longest_Common_Subsequence.swift in Sources */ = {isa = PBXBuildFile; fileRef = 60CA78442B62C12100577AEF /* Medium_1143_Longest_Common_Subsequence.swift */; };
		60CA78482B6557E500577AEF /* Hard_0629_K_Inverse_Pairs_Array.swift in Sources */ = {isa = PBXBuildFile; fileRef = 60CA78472B6557E500577AEF /* Hard_0629_K_Inverse_Pairs_Array.swift */; };
		60CA78492B6557E500577AEF /* Hard_0629_K_Inverse_Pairs_Array.swift in Sources */ = {isa = PBXBuildFile; fileRef = 60CA78472B6557E500577AEF /* Hard_0629_K_Inverse_Pairs_Array.swift */; };
		60CCBE702B5EBB27003B8551 /* Medium_2870_Minimum_Number_of_Operations_to_Make_Array_Empty.swift in Sources */ = {isa = PBXBuildFile; fileRef = 60CCBE6F2B5EBB27003B8551 /* Medium_2870_Minimum_Number_of_Operations_to_Make_Array_Empty.swift */; };
		60CCBE712B5EBB27003B8551 /* Medium_2870_Minimum_Number_of_Operations_to_Make_Array_Empty.swift in Sources */ = {isa = PBXBuildFile; fileRef = 60CCBE6F2B5EBB27003B8551 /* Medium_2870_Minimum_Number_of_Operations_to_Make_Array_Empty.swift */; };
		60CCBE732B5EBC79003B8551 /* Medium_2870_Minimum_Number_of_Operations_to_Make_Array_Empty_Test.swift in Sources */ = {isa = PBXBuildFile; fileRef = 60CCBE722B5EBC79003B8551 /* Medium_2870_Minimum_Number_of_Operations_to_Make_Array_Empty_Test.swift */; };
		60F6B00D2B53AC6D002500B6 /* Medium_1657_Determine_if_Two_Strings_Are_Close.swift in Sources */ = {isa = PBXBuildFile; fileRef = 60F6B00C2B53AC6D002500B6 /* Medium_1657_Determine_if_Two_Strings_Are_Close.swift */; };
		60F6B00F2B53B01C002500B6 /* Medium_1657_Determine_if_Two_Strings_Are_Close_Test.swift in Sources */ = {isa = PBXBuildFile; fileRef = 60F6B00E2B53B01B002500B6 /* Medium_1657_Determine_if_Two_Strings_Are_Close_Test.swift */; };
		60F6B0102B53B044002500B6 /* Medium_1657_Determine_if_Two_Strings_Are_Close.swift in Sources */ = {isa = PBXBuildFile; fileRef = 60F6B00C2B53AC6D002500B6 /* Medium_1657_Determine_if_Two_Strings_Are_Close.swift */; };
		60F6B0122B53BF19002500B6 /* Easy_0455_Assign_Cookies.swift in Sources */ = {isa = PBXBuildFile; fileRef = 60F6B0112B53BF19002500B6 /* Easy_0455_Assign_Cookies.swift */; };
		60F6B0132B53BF19002500B6 /* Easy_0455_Assign_Cookies.swift in Sources */ = {isa = PBXBuildFile; fileRef = 60F6B0112B53BF19002500B6 /* Easy_0455_Assign_Cookies.swift */; };
		60F6B0162B53BF43002500B6 /* Easy_0455_Assign_Cookies_Test.swift in Sources */ = {isa = PBXBuildFile; fileRef = 60F6B0142B53BF43002500B6 /* Easy_0455_Assign_Cookies_Test.swift */; };
		60FDB51F2B4B0CEB0006BEB9 /* Easy_0027_Remove_Element.swift in Sources */ = {isa = PBXBuildFile; fileRef = 60FDB51E2B4B0CEB0006BEB9 /* Easy_0027_Remove_Element.swift */; };
		60FDB5202B4B0CEB0006BEB9 /* Easy_0027_Remove_Element.swift in Sources */ = {isa = PBXBuildFile; fileRef = 60FDB51E2B4B0CEB0006BEB9 /* Easy_0027_Remove_Element.swift */; };
		60FDB5232B4B0D100006BEB9 /* Easy_0027_Remove_Element_Test.swift in Sources */ = {isa = PBXBuildFile; fileRef = 60FDB5212B4B0D100006BEB9 /* Easy_0027_Remove_Element_Test.swift */; };
/* End PBXBuildFile section */

/* Begin PBXContainerItemProxy section */
		6013D3392B4468010086DDD5 /* PBXContainerItemProxy */ = {
			isa = PBXContainerItemProxy;
			containerPortal = 6013D31A2B4467FF0086DDD5 /* Project object */;
			proxyType = 1;
			remoteGlobalIDString = 6013D3212B4467FF0086DDD5;
			remoteInfo = LeetCodeSolution;
		};
		6013D3432B4468010086DDD5 /* PBXContainerItemProxy */ = {
			isa = PBXContainerItemProxy;
			containerPortal = 6013D31A2B4467FF0086DDD5 /* Project object */;
			proxyType = 1;
			remoteGlobalIDString = 6013D3212B4467FF0086DDD5;
			remoteInfo = LeetCodeSolution;
		};
/* End PBXContainerItemProxy section */

/* Begin PBXFileReference section */
		60080BB22B6D974D009E8A5E /* Medium_1291_Sequential_Digits.swift */ = {isa = PBXFileReference; lastKnownFileType = sourcecode.swift; path = Medium_1291_Sequential_Digits.swift; sourceTree = "<group>"; };
		600CCF802B556E3B000F2508 /* Medium_2225_Find_Players_With_Zero_or_One_Losses.swift */ = {isa = PBXFileReference; lastKnownFileType = sourcecode.swift; path = Medium_2225_Find_Players_With_Zero_or_One_Losses.swift; sourceTree = "<group>"; };
		600CCF832B556E68000F2508 /* Medium_2225_Find_Players_With_Zero_or_One_Losses_Test.swift */ = {isa = PBXFileReference; lastKnownFileType = sourcecode.swift; path = Medium_2225_Find_Players_With_Zero_or_One_Losses_Test.swift; sourceTree = "<group>"; };
		600DABF52B5037FB00911CD9 /* Medium_1026_Maximum_Difference_Between_Node_and_Ancestor.swift */ = {isa = PBXFileReference; lastKnownFileType = sourcecode.swift; path = Medium_1026_Maximum_Difference_Between_Node_and_Ancestor.swift; sourceTree = "<group>"; };
		600DABF82B503E5400911CD9 /* Medium_1026_Maximum_Difference_Between_Node_and_Ancestor_Test.swift */ = {isa = PBXFileReference; lastKnownFileType = sourcecode.swift; path = Medium_1026_Maximum_Difference_Between_Node_and_Ancestor_Test.swift; sourceTree = "<group>"; };
		600E932F2B69623B003163AE /* Medium_0150_Evaluate_Reverse_Polish_Notation.swift */ = {isa = PBXFileReference; lastKnownFileType = sourcecode.swift; path = Medium_0150_Evaluate_Reverse_Polish_Notation.swift; sourceTree = "<group>"; };
		601130B42B4827F400E78FE6 /* Easy_0021_Merge_Two_Sorted_Lists.swift */ = {isa = PBXFileReference; lastKnownFileType = sourcecode.swift; path = Easy_0021_Merge_Two_Sorted_Lists.swift; sourceTree = "<group>"; };
		6013D3222B4467FF0086DDD5 /* LeetCodeSolution.app */ = {isa = PBXFileReference; explicitFileType = wrapper.application; includeInIndex = 0; path = LeetCodeSolution.app; sourceTree = BUILT_PRODUCTS_DIR; };
		6013D3252B4467FF0086DDD5 /* AppDelegate.swift */ = {isa = PBXFileReference; lastKnownFileType = sourcecode.swift; path = AppDelegate.swift; sourceTree = "<group>"; };
		6013D3272B4467FF0086DDD5 /* SceneDelegate.swift */ = {isa = PBXFileReference; lastKnownFileType = sourcecode.swift; path = SceneDelegate.swift; sourceTree = "<group>"; };
		6013D3292B4467FF0086DDD5 /* ViewController.swift */ = {isa = PBXFileReference; lastKnownFileType = sourcecode.swift; path = ViewController.swift; sourceTree = "<group>"; };
		6013D32C2B4467FF0086DDD5 /* Base */ = {isa = PBXFileReference; lastKnownFileType = file.storyboard; name = Base; path = Base.lproj/Main.storyboard; sourceTree = "<group>"; };
		6013D32E2B4468010086DDD5 /* Assets.xcassets */ = {isa = PBXFileReference; lastKnownFileType = folder.assetcatalog; path = Assets.xcassets; sourceTree = "<group>"; };
		6013D3312B4468010086DDD5 /* Base */ = {isa = PBXFileReference; lastKnownFileType = file.storyboard; name = Base; path = Base.lproj/LaunchScreen.storyboard; sourceTree = "<group>"; };
		6013D3332B4468010086DDD5 /* Info.plist */ = {isa = PBXFileReference; lastKnownFileType = text.plist.xml; path = Info.plist; sourceTree = "<group>"; };
		6013D3382B4468010086DDD5 /* LeetCodeSolutionTests.xctest */ = {isa = PBXFileReference; explicitFileType = wrapper.cfbundle; includeInIndex = 0; path = LeetCodeSolutionTests.xctest; sourceTree = BUILT_PRODUCTS_DIR; };
		6013D33C2B4468010086DDD5 /* LeetCodeSolutionTests.swift */ = {isa = PBXFileReference; lastKnownFileType = sourcecode.swift; path = LeetCodeSolutionTests.swift; sourceTree = "<group>"; };
		6013D3422B4468010086DDD5 /* LeetCodeSolutionUITests.xctest */ = {isa = PBXFileReference; explicitFileType = wrapper.cfbundle; includeInIndex = 0; path = LeetCodeSolutionUITests.xctest; sourceTree = BUILT_PRODUCTS_DIR; };
		6013D3462B4468010086DDD5 /* LeetCodeSolutionUITests.swift */ = {isa = PBXFileReference; lastKnownFileType = sourcecode.swift; path = LeetCodeSolutionUITests.swift; sourceTree = "<group>"; };
		6013D3482B4468010086DDD5 /* LeetCodeSolutionUITestsLaunchTests.swift */ = {isa = PBXFileReference; lastKnownFileType = sourcecode.swift; path = LeetCodeSolutionUITestsLaunchTests.swift; sourceTree = "<group>"; };
		6013D3562B4468780086DDD5 /* Easy_0001_Two_Sum_Test.swift */ = {isa = PBXFileReference; lastKnownFileType = sourcecode.swift; path = Easy_0001_Two_Sum_Test.swift; sourceTree = "<group>"; };
		6013D3592B4469860086DDD5 /* SolutionsTestsHelper.swift */ = {isa = PBXFileReference; lastKnownFileType = sourcecode.swift; path = SolutionsTestsHelper.swift; sourceTree = "<group>"; };
		6013D35C2B4469F70086DDD5 /* Easy_0001_Two_Sum.swift */ = {isa = PBXFileReference; lastKnownFileType = sourcecode.swift; path = Easy_0001_Two_Sum.swift; sourceTree = "<group>"; };
		601C4A802B56C4F500A5E210 /* Medium_0380_Insert_Delete_GetRandom_O(1).swift */ = {isa = PBXFileReference; lastKnownFileType = sourcecode.swift; path = "Medium_0380_Insert_Delete_GetRandom_O(1).swift"; sourceTree = "<group>"; };
		601C4A832B57571300A5E210 /* Easy_1207_Unique_Number_of_Occurrences.swift */ = {isa = PBXFileReference; lastKnownFileType = sourcecode.swift; path = Easy_1207_Unique_Number_of_Occurrences.swift; sourceTree = "<group>"; };
		601C4A862B57580200A5E210 /* Easy_1207_Unique_Number_of_Occurrences_Test.swift */ = {isa = PBXFileReference; lastKnownFileType = sourcecode.swift; path = Easy_1207_Unique_Number_of_Occurrences_Test.swift; sourceTree = "<group>"; };
		602877AE2B45B49B005457FE /* Easy_0009_Palindrome_Number.swift */ = {isa = PBXFileReference; lastKnownFileType = sourcecode.swift; path = Easy_0009_Palindrome_Number.swift; sourceTree = "<group>"; };
		602877B02B45B529005457FE /* Easy_0009_Palindrome_Number_Test.swift */ = {isa = PBXFileReference; lastKnownFileType = sourcecode.swift; path = Easy_0009_Palindrome_Number_Test.swift; sourceTree = "<group>"; };
		602877E72B4711C8005457FE /* Easy_0013_Roman_To_Integer.swift */ = {isa = PBXFileReference; lastKnownFileType = sourcecode.swift; path = Easy_0013_Roman_To_Integer.swift; sourceTree = "<group>"; };
		602877E92B47128B005457FE /* Easy_0013_Roman_To_Integer_Test.swift */ = {isa = PBXFileReference; lastKnownFileType = sourcecode.swift; path = Easy_0013_Roman_To_Integer_Test.swift; sourceTree = "<group>"; };
		6039534E2B7128C20053F1E3 /* Easy_0387_First_Unique_Character_in_a_String.swift */ = {isa = PBXFileReference; lastKnownFileType = sourcecode.swift; path = Easy_0387_First_Unique_Character_in_a_String.swift; sourceTree = "<group>"; };
		603953512B712D6F0053F1E3 /* Easy_0387_First_Unique_Character_in_a_String_Test.swift */ = {isa = PBXFileReference; lastKnownFileType = sourcecode.swift; path = Easy_0387_First_Unique_Character_in_a_String_Test.swift; sourceTree = "<group>"; };
		603AECAE2B6FF3080005286D /* Medium_0075_Sort_Colors.swift */ = {isa = PBXFileReference; lastKnownFileType = sourcecode.swift; path = Medium_0075_Sort_Colors.swift; sourceTree = "<group>"; };
		603AECB12B6FF3330005286D /* Medium_0075_Sort_Colors_Test.swift */ = {isa = PBXFileReference; lastKnownFileType = sourcecode.swift; path = Medium_0075_Sort_Colors_Test.swift; sourceTree = "<group>"; };
		604E3DF92B729A1E00502B29 /* Medium_0049_Group_Anagrams.swift */ = {isa = PBXFileReference; lastKnownFileType = sourcecode.swift; path = Medium_0049_Group_Anagrams.swift; sourceTree = "<group>"; };
		604E3DFC2B734B6F00502B29 /* Medium_0451_Sort_Characters_By_Frequency .swift */ = {isa = PBXFileReference; lastKnownFileType = sourcecode.swift; path = "Medium_0451_Sort_Characters_By_Frequency .swift"; sourceTree = "<group>"; };
		604E3DFF2B734DD200502B29 /* Medium_0451_Sort_Characters_By_Frequency_Test.swift */ = {isa = PBXFileReference; lastKnownFileType = sourcecode.swift; path = Medium_0451_Sort_Characters_By_Frequency_Test.swift; sourceTree = "<group>"; };
		604E3E012B73901300502B29 /* Easy_0217_Contains_Duplicate.swift */ = {isa = PBXFileReference; lastKnownFileType = sourcecode.swift; path = Easy_0217_Contains_Duplicate.swift; sourceTree = "<group>"; };
		604E3E042B7390F600502B29 /* Easy_0217_Contains_Duplicate_Test.swift */ = {isa = PBXFileReference; lastKnownFileType = sourcecode.swift; path = Easy_0217_Contains_Duplicate_Test.swift; sourceTree = "<group>"; };
		6098CC792B68067C00735F2C /* Easy_0232_Implement_Queue_using_Stacks.swift */ = {isa = PBXFileReference; lastKnownFileType = sourcecode.swift; path = Easy_0232_Implement_Queue_using_Stacks.swift; sourceTree = "<group>"; };
		60A4FFA92B4C5A3700A2C56E /* Easy_0070_Climbing_Stairs.swift */ = {isa = PBXFileReference; lastKnownFileType = sourcecode.swift; path = Easy_0070_Climbing_Stairs.swift; sourceTree = "<group>"; };
		60A4FFAC2B4C5C2C00A2C56E /* Easy_0070_Climbing_Stairs_Test.swift */ = {isa = PBXFileReference; lastKnownFileType = sourcecode.swift; path = Easy_0070_Climbing_Stairs_Test.swift; sourceTree = "<group>"; };
		60A8EB1B2B49B96A0015C254 /* Easy_0026_Remove_Duplicates_From_Sorted_Array.swift */ = {isa = PBXFileReference; lastKnownFileType = sourcecode.swift; path = Easy_0026_Remove_Duplicates_From_Sorted_Array.swift; sourceTree = "<group>"; };
		60A8EB1E2B49B9CB0015C254 /* Easy_0026_Remove_Duplicates_From_Sorted_Array_Test.swift */ = {isa = PBXFileReference; lastKnownFileType = sourcecode.swift; path = Easy_0026_Remove_Duplicates_From_Sorted_Array_Test.swift; sourceTree = "<group>"; };
		60B59BB32B5A94EB009A801D /* Medium_0931_Minimum_Falling_Path_Sum.swift */ = {isa = PBXFileReference; lastKnownFileType = sourcecode.swift; path = Medium_0931_Minimum_Falling_Path_Sum.swift; sourceTree = "<group>"; };
		60B59BB62B5A9523009A801D /* Medium_0931_Minimum_Falling_Path_Sum_Test.swift */ = {isa = PBXFileReference; lastKnownFileType = sourcecode.swift; path = Medium_0931_Minimum_Falling_Path_Sum_Test.swift; sourceTree = "<group>"; };
		60B59BB92B5C3135009A801D /* Medium_0907_Sum_of_Subarray_Minimums.swift */ = {isa = PBXFileReference; lastKnownFileType = sourcecode.swift; path = Medium_0907_Sum_of_Subarray_Minimums.swift; sourceTree = "<group>"; };
		60B59BBC2B5C3168009A801D /* Medium_0907_Sum_of_Subarray_Minimums_Test.swift */ = {isa = PBXFileReference; lastKnownFileType = sourcecode.swift; path = Medium_0907_Sum_of_Subarray_Minimums_Test.swift; sourceTree = "<group>"; };
		60B59BBE2B5D279C009A801D /* Medium_0198_House_Robber.swift */ = {isa = PBXFileReference; lastKnownFileType = sourcecode.swift; path = Medium_0198_House_Robber.swift; sourceTree = "<group>"; };
		60B59BC12B5D2F50009A801D /* Medium_0198_House_Robber_Test.swift */ = {isa = PBXFileReference; lastKnownFileType = sourcecode.swift; path = Medium_0198_House_Robber_Test.swift; sourceTree = "<group>"; };
		60B59BC32B5D7515009A801D /* Medium_2610_Convert_an_Array_Into_a_2D_Array_With_Conditions.swift */ = {isa = PBXFileReference; lastKnownFileType = sourcecode.swift; path = Medium_2610_Convert_an_Array_Into_a_2D_Array_With_Conditions.swift; sourceTree = "<group>"; };
		60B59BC62B5D766F009A801D /* Medium_2610_Convert_an_Array_Into_a_2D_Array_With_Conditions_Test.swift */ = {isa = PBXFileReference; lastKnownFileType = sourcecode.swift; path = Medium_2610_Convert_an_Array_Into_a_2D_Array_With_Conditions_Test.swift; sourceTree = "<group>"; };
		60B59BC82B5D80E4009A801D /* Medium_1375_Number_of_Times_Binary_String_Is_Prefix_Aligned.swift */ = {isa = PBXFileReference; lastKnownFileType = sourcecode.swift; path = Medium_1375_Number_of_Times_Binary_String_Is_Prefix_Aligned.swift; sourceTree = "<group>"; };
		60B59BCB2B5D81E0009A801D /* Medium_1375_Number_of_Times_Binary_String_Is_Prefix_Aligned_Test.swift */ = {isa = PBXFileReference; lastKnownFileType = sourcecode.swift; path = Medium_1375_Number_of_Times_Binary_String_Is_Prefix_Aligned_Test.swift; sourceTree = "<group>"; };
		60B59BD02B5DEB64009A801D /* Easy_0645_Set_Mismatch.swift */ = {isa = PBXFileReference; lastKnownFileType = sourcecode.swift; path = Easy_0645_Set_Mismatch.swift; sourceTree = "<group>"; };
		60B59BD32B5DEDD5009A801D /* Easy_0645_Set_Mismatch_Test.swift */ = {isa = PBXFileReference; lastKnownFileType = sourcecode.swift; path = Easy_0645_Set_Mismatch_Test.swift; sourceTree = "<group>"; };
		60B88F4F2B6011CE00553DDA /* Medium_1239_Maximum_Length_of_a_Concatenated_String_with_Unique_Characters.swift */ = {isa = PBXFileReference; lastKnownFileType = sourcecode.swift; path = Medium_1239_Maximum_Length_of_a_Concatenated_String_with_Unique_Characters.swift; sourceTree = "<group>"; };
		60B88F522B60155400553DDA /* Medium_1239_Maximum_Length_of_a_Concatenated_String_with_Unique_Characters_Test.swift */ = {isa = PBXFileReference; lastKnownFileType = sourcecode.swift; path = Medium_1239_Maximum_Length_of_a_Concatenated_String_with_Unique_Characters_Test.swift; sourceTree = "<group>"; };
		60BA66092B4DA844001E5B88 /* Easy_0136_Single_Number.swift */ = {isa = PBXFileReference; lastKnownFileType = sourcecode.swift; path = Easy_0136_Single_Number.swift; sourceTree = "<group>"; };
		60BA660C2B4DA8C0001E5B88 /* Easy_0136_Single_Number_Test.swift */ = {isa = PBXFileReference; lastKnownFileType = sourcecode.swift; path = Easy_0136_Single_Number_Test.swift; sourceTree = "<group>"; };
		60BA660F2B4DB0B0001E5B88 /* Easy_0872_Leaf_Similar_Trees.swift */ = {isa = PBXFileReference; lastKnownFileType = sourcecode.swift; path = Easy_0872_Leaf_Similar_Trees.swift; sourceTree = "<group>"; };
		60BA66122B4DB32F001E5B88 /* Easy_0872_Leaf_Similar_Trees_Test.swift */ = {isa = PBXFileReference; lastKnownFileType = sourcecode.swift; path = Easy_0872_Leaf_Similar_Trees_Test.swift; sourceTree = "<group>"; };
		60BA66292B4EF9C2001E5B88 /* Medium_2385_Amount_of_Time_for_Binary_Tree_to_Be_Infected.swift */ = {isa = PBXFileReference; lastKnownFileType = sourcecode.swift; path = Medium_2385_Amount_of_Time_for_Binary_Tree_to_Be_Infected.swift; sourceTree = "<group>"; };
		60BA662D2B4EFA11001E5B88 /* Medium_2385_Amount_of_Time_for_Binary_Tree_to_Be_Infected_Test.swift */ = {isa = PBXFileReference; lastKnownFileType = sourcecode.swift; path = Medium_2385_Amount_of_Time_for_Binary_Tree_to_Be_Infected_Test.swift; sourceTree = "<group>"; };
		60BD83832B515F6600991633 /* Easy_1704_Determine_if_String_Halves_Are_Alike.swift */ = {isa = PBXFileReference; lastKnownFileType = sourcecode.swift; path = Easy_1704_Determine_if_String_Halves_Are_Alike.swift; sourceTree = "<group>"; };
		60BD83862B51612C00991633 /* Easy_1704_Determine_if_String_Halves_Are_Alike_Test.swift */ = {isa = PBXFileReference; lastKnownFileType = sourcecode.swift; path = Easy_1704_Determine_if_String_Halves_Are_Alike_Test.swift; sourceTree = "<group>"; };
		60BD83882B521BDE00991633 /* Medium_1347_Minimum_Number_of_Steps_to_Make_Two_Strings_Anagram.swift */ = {isa = PBXFileReference; lastKnownFileType = sourcecode.swift; path = Medium_1347_Minimum_Number_of_Steps_to_Make_Two_Strings_Anagram.swift; sourceTree = "<group>"; };
		60BD838B2B521F7A00991633 /* Medium_1347_Minimum_Number_of_Steps_to_Make_Two_Strings_Anagram_Test.swift */ = {isa = PBXFileReference; lastKnownFileType = sourcecode.swift; path = Medium_1347_Minimum_Number_of_Steps_to_Make_Two_Strings_Anagram_Test.swift; sourceTree = "<group>"; };
		60CA78442B62C12100577AEF /* Medium_1143_Longest_Common_Subsequence.swift */ = {isa = PBXFileReference; lastKnownFileType = sourcecode.swift; path = Medium_1143_Longest_Common_Subsequence.swift; sourceTree = "<group>"; };
		60CA78472B6557E500577AEF /* Hard_0629_K_Inverse_Pairs_Array.swift */ = {isa = PBXFileReference; lastKnownFileType = sourcecode.swift; path = Hard_0629_K_Inverse_Pairs_Array.swift; sourceTree = "<group>"; };
		60CCBE6F2B5EBB27003B8551 /* Medium_2870_Minimum_Number_of_Operations_to_Make_Array_Empty.swift */ = {isa = PBXFileReference; lastKnownFileType = sourcecode.swift; path = Medium_2870_Minimum_Number_of_Operations_to_Make_Array_Empty.swift; sourceTree = "<group>"; };
		60CCBE722B5EBC79003B8551 /* Medium_2870_Minimum_Number_of_Operations_to_Make_Array_Empty_Test.swift */ = {isa = PBXFileReference; lastKnownFileType = sourcecode.swift; path = Medium_2870_Minimum_Number_of_Operations_to_Make_Array_Empty_Test.swift; sourceTree = "<group>"; };
		60F6B00C2B53AC6D002500B6 /* Medium_1657_Determine_if_Two_Strings_Are_Close.swift */ = {isa = PBXFileReference; lastKnownFileType = sourcecode.swift; path = Medium_1657_Determine_if_Two_Strings_Are_Close.swift; sourceTree = "<group>"; };
		60F6B00E2B53B01B002500B6 /* Medium_1657_Determine_if_Two_Strings_Are_Close_Test.swift */ = {isa = PBXFileReference; lastKnownFileType = sourcecode.swift; path = Medium_1657_Determine_if_Two_Strings_Are_Close_Test.swift; sourceTree = "<group>"; };
		60F6B0112B53BF19002500B6 /* Easy_0455_Assign_Cookies.swift */ = {isa = PBXFileReference; lastKnownFileType = sourcecode.swift; path = Easy_0455_Assign_Cookies.swift; sourceTree = "<group>"; };
		60F6B0142B53BF43002500B6 /* Easy_0455_Assign_Cookies_Test.swift */ = {isa = PBXFileReference; lastKnownFileType = sourcecode.swift; path = Easy_0455_Assign_Cookies_Test.swift; sourceTree = "<group>"; };
		60FDB51E2B4B0CEB0006BEB9 /* Easy_0027_Remove_Element.swift */ = {isa = PBXFileReference; lastKnownFileType = sourcecode.swift; path = Easy_0027_Remove_Element.swift; sourceTree = "<group>"; };
		60FDB5212B4B0D100006BEB9 /* Easy_0027_Remove_Element_Test.swift */ = {isa = PBXFileReference; lastKnownFileType = sourcecode.swift; path = Easy_0027_Remove_Element_Test.swift; sourceTree = "<group>"; };
/* End PBXFileReference section */

/* Begin PBXFrameworksBuildPhase section */
		6013D31F2B4467FF0086DDD5 /* Frameworks */ = {
			isa = PBXFrameworksBuildPhase;
			buildActionMask = 2147483647;
			files = (
			);
			runOnlyForDeploymentPostprocessing = 0;
		};
		6013D3352B4468010086DDD5 /* Frameworks */ = {
			isa = PBXFrameworksBuildPhase;
			buildActionMask = 2147483647;
			files = (
			);
			runOnlyForDeploymentPostprocessing = 0;
		};
		6013D33F2B4468010086DDD5 /* Frameworks */ = {
			isa = PBXFrameworksBuildPhase;
			buildActionMask = 2147483647;
			files = (
			);
			runOnlyForDeploymentPostprocessing = 0;
		};
/* End PBXFrameworksBuildPhase section */

/* Begin PBXGroup section */
		6013D3192B4467FF0086DDD5 = {
			isa = PBXGroup;
			children = (
				6013D3242B4467FF0086DDD5 /* LeetCodeSolution */,
				6013D33B2B4468010086DDD5 /* LeetCodeSolutionTests */,
				6013D3452B4468010086DDD5 /* LeetCodeSolutionUITests */,
				6013D3232B4467FF0086DDD5 /* Products */,
			);
			sourceTree = "<group>";
		};
		6013D3232B4467FF0086DDD5 /* Products */ = {
			isa = PBXGroup;
			children = (
				6013D3222B4467FF0086DDD5 /* LeetCodeSolution.app */,
				6013D3382B4468010086DDD5 /* LeetCodeSolutionTests.xctest */,
				6013D3422B4468010086DDD5 /* LeetCodeSolutionUITests.xctest */,
			);
			name = Products;
			sourceTree = "<group>";
		};
		6013D3242B4467FF0086DDD5 /* LeetCodeSolution */ = {
			isa = PBXGroup;
			children = (
				60B59BCD2B5D859C009A801D /* Hard */,
				60BA66282B4EF983001E5B88 /* Medium */,
				6013D35B2B4469E60086DDD5 /* Easy */,
				6013D3252B4467FF0086DDD5 /* AppDelegate.swift */,
				6013D3272B4467FF0086DDD5 /* SceneDelegate.swift */,
				6013D3292B4467FF0086DDD5 /* ViewController.swift */,
				6013D32B2B4467FF0086DDD5 /* Main.storyboard */,
				6013D32E2B4468010086DDD5 /* Assets.xcassets */,
				6013D3302B4468010086DDD5 /* LaunchScreen.storyboard */,
				6013D3332B4468010086DDD5 /* Info.plist */,
			);
			path = LeetCodeSolution;
			sourceTree = "<group>";
		};
		6013D33B2B4468010086DDD5 /* LeetCodeSolutionTests */ = {
			isa = PBXGroup;
			children = (
				60BA662C2B4EFA05001E5B88 /* Medium */,
				6013D3582B4469630086DDD5 /* Utils */,
				6013D3552B4468150086DDD5 /* Easy */,
				6013D33C2B4468010086DDD5 /* LeetCodeSolutionTests.swift */,
			);
			path = LeetCodeSolutionTests;
			sourceTree = "<group>";
		};
		6013D3452B4468010086DDD5 /* LeetCodeSolutionUITests */ = {
			isa = PBXGroup;
			children = (
				6013D3462B4468010086DDD5 /* LeetCodeSolutionUITests.swift */,
				6013D3482B4468010086DDD5 /* LeetCodeSolutionUITestsLaunchTests.swift */,
			);
			path = LeetCodeSolutionUITests;
			sourceTree = "<group>";
		};
		6013D3552B4468150086DDD5 /* Easy */ = {
			isa = PBXGroup;
			children = (
				6013D3562B4468780086DDD5 /* Easy_0001_Two_Sum_Test.swift */,
				602877B02B45B529005457FE /* Easy_0009_Palindrome_Number_Test.swift */,
				602877E92B47128B005457FE /* Easy_0013_Roman_To_Integer_Test.swift */,
				60A8EB1E2B49B9CB0015C254 /* Easy_0026_Remove_Duplicates_From_Sorted_Array_Test.swift */,
				60FDB5212B4B0D100006BEB9 /* Easy_0027_Remove_Element_Test.swift */,
				60A4FFAC2B4C5C2C00A2C56E /* Easy_0070_Climbing_Stairs_Test.swift */,
				60BA660C2B4DA8C0001E5B88 /* Easy_0136_Single_Number_Test.swift */,
				60BA66122B4DB32F001E5B88 /* Easy_0872_Leaf_Similar_Trees_Test.swift */,
				60BD83862B51612C00991633 /* Easy_1704_Determine_if_String_Halves_Are_Alike_Test.swift */,
				60F6B0142B53BF43002500B6 /* Easy_0455_Assign_Cookies_Test.swift */,
				601C4A862B57580200A5E210 /* Easy_1207_Unique_Number_of_Occurrences_Test.swift */,
				60B59BD32B5DEDD5009A801D /* Easy_0645_Set_Mismatch_Test.swift */,
				603953512B712D6F0053F1E3 /* Easy_0387_First_Unique_Character_in_a_String_Test.swift */,
				604E3E042B7390F600502B29 /* Easy_0217_Contains_Duplicate_Test.swift */,
			);
			path = Easy;
			sourceTree = "<group>";
		};
		6013D3582B4469630086DDD5 /* Utils */ = {
			isa = PBXGroup;
			children = (
				6013D3592B4469860086DDD5 /* SolutionsTestsHelper.swift */,
			);
			path = Utils;
			sourceTree = "<group>";
		};
		6013D35B2B4469E60086DDD5 /* Easy */ = {
			isa = PBXGroup;
			children = (
				6013D35C2B4469F70086DDD5 /* Easy_0001_Two_Sum.swift */,
				602877AE2B45B49B005457FE /* Easy_0009_Palindrome_Number.swift */,
				602877E72B4711C8005457FE /* Easy_0013_Roman_To_Integer.swift */,
				601130B42B4827F400E78FE6 /* Easy_0021_Merge_Two_Sorted_Lists.swift */,
				60A8EB1B2B49B96A0015C254 /* Easy_0026_Remove_Duplicates_From_Sorted_Array.swift */,
				60FDB51E2B4B0CEB0006BEB9 /* Easy_0027_Remove_Element.swift */,
				60A4FFA92B4C5A3700A2C56E /* Easy_0070_Climbing_Stairs.swift */,
				60BA66092B4DA844001E5B88 /* Easy_0136_Single_Number.swift */,
				60BA660F2B4DB0B0001E5B88 /* Easy_0872_Leaf_Similar_Trees.swift */,
				60BD83832B515F6600991633 /* Easy_1704_Determine_if_String_Halves_Are_Alike.swift */,
				60F6B0112B53BF19002500B6 /* Easy_0455_Assign_Cookies.swift */,
				601C4A832B57571300A5E210 /* Easy_1207_Unique_Number_of_Occurrences.swift */,
				60B59BD02B5DEB64009A801D /* Easy_0645_Set_Mismatch.swift */,
				6098CC792B68067C00735F2C /* Easy_0232_Implement_Queue_using_Stacks.swift */,
				6039534E2B7128C20053F1E3 /* Easy_0387_First_Unique_Character_in_a_String.swift */,
				604E3E012B73901300502B29 /* Easy_0217_Contains_Duplicate.swift */,
			);
			path = Easy;
			sourceTree = "<group>";
		};
		60B59BCD2B5D859C009A801D /* Hard */ = {
			isa = PBXGroup;
			children = (
				60CA78472B6557E500577AEF /* Hard_0629_K_Inverse_Pairs_Array.swift */,
			);
			path = Hard;
			sourceTree = "<group>";
		};
		60BA66282B4EF983001E5B88 /* Medium */ = {
			isa = PBXGroup;
			children = (
				600DABF52B5037FB00911CD9 /* Medium_1026_Maximum_Difference_Between_Node_and_Ancestor.swift */,
				60BA66292B4EF9C2001E5B88 /* Medium_2385_Amount_of_Time_for_Binary_Tree_to_Be_Infected.swift */,
				60BD83882B521BDE00991633 /* Medium_1347_Minimum_Number_of_Steps_to_Make_Two_Strings_Anagram.swift */,
				60F6B00C2B53AC6D002500B6 /* Medium_1657_Determine_if_Two_Strings_Are_Close.swift */,
				600CCF802B556E3B000F2508 /* Medium_2225_Find_Players_With_Zero_or_One_Losses.swift */,
				601C4A802B56C4F500A5E210 /* Medium_0380_Insert_Delete_GetRandom_O(1).swift */,
				60B59BB32B5A94EB009A801D /* Medium_0931_Minimum_Falling_Path_Sum.swift */,
				60B59BB92B5C3135009A801D /* Medium_0907_Sum_of_Subarray_Minimums.swift */,
				60B59BBE2B5D279C009A801D /* Medium_0198_House_Robber.swift */,
				60B59BC32B5D7515009A801D /* Medium_2610_Convert_an_Array_Into_a_2D_Array_With_Conditions.swift */,
				60B59BC82B5D80E4009A801D /* Medium_1375_Number_of_Times_Binary_String_Is_Prefix_Aligned.swift */,
				60CCBE6F2B5EBB27003B8551 /* Medium_2870_Minimum_Number_of_Operations_to_Make_Array_Empty.swift */,
				60B88F4F2B6011CE00553DDA /* Medium_1239_Maximum_Length_of_a_Concatenated_String_with_Unique_Characters.swift */,
				60CA78442B62C12100577AEF /* Medium_1143_Longest_Common_Subsequence.swift */,
				600E932F2B69623B003163AE /* Medium_0150_Evaluate_Reverse_Polish_Notation.swift */,
				60080BB22B6D974D009E8A5E /* Medium_1291_Sequential_Digits.swift */,
				603AECAE2B6FF3080005286D /* Medium_0075_Sort_Colors.swift */,
				604E3DF92B729A1E00502B29 /* Medium_0049_Group_Anagrams.swift */,
				604E3DFC2B734B6F00502B29 /* Medium_0451_Sort_Characters_By_Frequency .swift */,
			);
			path = Medium;
			sourceTree = "<group>";
		};
		60BA662C2B4EFA05001E5B88 /* Medium */ = {
			isa = PBXGroup;
			children = (
				600DABF82B503E5400911CD9 /* Medium_1026_Maximum_Difference_Between_Node_and_Ancestor_Test.swift */,
				60BA662D2B4EFA11001E5B88 /* Medium_2385_Amount_of_Time_for_Binary_Tree_to_Be_Infected_Test.swift */,
				60BD838B2B521F7A00991633 /* Medium_1347_Minimum_Number_of_Steps_to_Make_Two_Strings_Anagram_Test.swift */,
				60F6B00E2B53B01B002500B6 /* Medium_1657_Determine_if_Two_Strings_Are_Close_Test.swift */,
				600CCF832B556E68000F2508 /* Medium_2225_Find_Players_With_Zero_or_One_Losses_Test.swift */,
				60B59BB62B5A9523009A801D /* Medium_0931_Minimum_Falling_Path_Sum_Test.swift */,
				60B59BBC2B5C3168009A801D /* Medium_0907_Sum_of_Subarray_Minimums_Test.swift */,
				60B59BC12B5D2F50009A801D /* Medium_0198_House_Robber_Test.swift */,
				60B59BC62B5D766F009A801D /* Medium_2610_Convert_an_Array_Into_a_2D_Array_With_Conditions_Test.swift */,
				60B59BCB2B5D81E0009A801D /* Medium_1375_Number_of_Times_Binary_String_Is_Prefix_Aligned_Test.swift */,
				60CCBE722B5EBC79003B8551 /* Medium_2870_Minimum_Number_of_Operations_to_Make_Array_Empty_Test.swift */,
				60B88F522B60155400553DDA /* Medium_1239_Maximum_Length_of_a_Concatenated_String_with_Unique_Characters_Test.swift */,
				603AECB12B6FF3330005286D /* Medium_0075_Sort_Colors_Test.swift */,
				604E3DFF2B734DD200502B29 /* Medium_0451_Sort_Characters_By_Frequency_Test.swift */,
			);
			path = Medium;
			sourceTree = "<group>";
		};
/* End PBXGroup section */

/* Begin PBXNativeTarget section */
		6013D3212B4467FF0086DDD5 /* LeetCodeSolution */ = {
			isa = PBXNativeTarget;
			buildConfigurationList = 6013D34C2B4468010086DDD5 /* Build configuration list for PBXNativeTarget "LeetCodeSolution" */;
			buildPhases = (
				6013D31E2B4467FF0086DDD5 /* Sources */,
				6013D31F2B4467FF0086DDD5 /* Frameworks */,
				6013D3202B4467FF0086DDD5 /* Resources */,
			);
			buildRules = (
			);
			dependencies = (
			);
			name = LeetCodeSolution;
			productName = LeetCodeSolution;
			productReference = 6013D3222B4467FF0086DDD5 /* LeetCodeSolution.app */;
			productType = "com.apple.product-type.application";
		};
		6013D3372B4468010086DDD5 /* LeetCodeSolutionTests */ = {
			isa = PBXNativeTarget;
			buildConfigurationList = 6013D34F2B4468010086DDD5 /* Build configuration list for PBXNativeTarget "LeetCodeSolutionTests" */;
			buildPhases = (
				6013D3342B4468010086DDD5 /* Sources */,
				6013D3352B4468010086DDD5 /* Frameworks */,
				6013D3362B4468010086DDD5 /* Resources */,
			);
			buildRules = (
			);
			dependencies = (
				6013D33A2B4468010086DDD5 /* PBXTargetDependency */,
			);
			name = LeetCodeSolutionTests;
			productName = LeetCodeSolutionTests;
			productReference = 6013D3382B4468010086DDD5 /* LeetCodeSolutionTests.xctest */;
			productType = "com.apple.product-type.bundle.unit-test";
		};
		6013D3412B4468010086DDD5 /* LeetCodeSolutionUITests */ = {
			isa = PBXNativeTarget;
			buildConfigurationList = 6013D3522B4468010086DDD5 /* Build configuration list for PBXNativeTarget "LeetCodeSolutionUITests" */;
			buildPhases = (
				6013D33E2B4468010086DDD5 /* Sources */,
				6013D33F2B4468010086DDD5 /* Frameworks */,
				6013D3402B4468010086DDD5 /* Resources */,
			);
			buildRules = (
			);
			dependencies = (
				6013D3442B4468010086DDD5 /* PBXTargetDependency */,
			);
			name = LeetCodeSolutionUITests;
			productName = LeetCodeSolutionUITests;
			productReference = 6013D3422B4468010086DDD5 /* LeetCodeSolutionUITests.xctest */;
			productType = "com.apple.product-type.bundle.ui-testing";
		};
/* End PBXNativeTarget section */

/* Begin PBXProject section */
		6013D31A2B4467FF0086DDD5 /* Project object */ = {
			isa = PBXProject;
			attributes = {
				BuildIndependentTargetsInParallel = 1;
				LastSwiftUpdateCheck = 1420;
				LastUpgradeCheck = 1420;
				TargetAttributes = {
					6013D3212B4467FF0086DDD5 = {
						CreatedOnToolsVersion = 14.2;
					};
					6013D3372B4468010086DDD5 = {
						CreatedOnToolsVersion = 14.2;
						TestTargetID = 6013D3212B4467FF0086DDD5;
					};
					6013D3412B4468010086DDD5 = {
						CreatedOnToolsVersion = 14.2;
						TestTargetID = 6013D3212B4467FF0086DDD5;
					};
				};
			};
			buildConfigurationList = 6013D31D2B4467FF0086DDD5 /* Build configuration list for PBXProject "LeetCodeSolution" */;
			compatibilityVersion = "Xcode 14.0";
			developmentRegion = en;
			hasScannedForEncodings = 0;
			knownRegions = (
				en,
				Base,
			);
			mainGroup = 6013D3192B4467FF0086DDD5;
			productRefGroup = 6013D3232B4467FF0086DDD5 /* Products */;
			projectDirPath = "";
			projectRoot = "";
			targets = (
				6013D3212B4467FF0086DDD5 /* LeetCodeSolution */,
				6013D3372B4468010086DDD5 /* LeetCodeSolutionTests */,
				6013D3412B4468010086DDD5 /* LeetCodeSolutionUITests */,
			);
		};
/* End PBXProject section */

/* Begin PBXResourcesBuildPhase section */
		6013D3202B4467FF0086DDD5 /* Resources */ = {
			isa = PBXResourcesBuildPhase;
			buildActionMask = 2147483647;
			files = (
				6013D3322B4468010086DDD5 /* LaunchScreen.storyboard in Resources */,
				6013D32F2B4468010086DDD5 /* Assets.xcassets in Resources */,
				6013D32D2B4467FF0086DDD5 /* Main.storyboard in Resources */,
			);
			runOnlyForDeploymentPostprocessing = 0;
		};
		6013D3362B4468010086DDD5 /* Resources */ = {
			isa = PBXResourcesBuildPhase;
			buildActionMask = 2147483647;
			files = (
			);
			runOnlyForDeploymentPostprocessing = 0;
		};
		6013D3402B4468010086DDD5 /* Resources */ = {
			isa = PBXResourcesBuildPhase;
			buildActionMask = 2147483647;
			files = (
			);
			runOnlyForDeploymentPostprocessing = 0;
		};
/* End PBXResourcesBuildPhase section */

/* Begin PBXSourcesBuildPhase section */
		6013D31E2B4467FF0086DDD5 /* Sources */ = {
			isa = PBXSourcesBuildPhase;
			buildActionMask = 2147483647;
			files = (
				60BA66102B4DB0B0001E5B88 /* Easy_0872_Leaf_Similar_Trees.swift in Sources */,
				60B59BC42B5D7515009A801D /* Medium_2610_Convert_an_Array_Into_a_2D_Array_With_Conditions.swift in Sources */,
				60B59BB42B5A94EB009A801D /* Medium_0931_Minimum_Falling_Path_Sum.swift in Sources */,
				602877AF2B45B49B005457FE /* Easy_0009_Palindrome_Number.swift in Sources */,
				60B88F502B6011CE00553DDA /* Medium_1239_Maximum_Length_of_a_Concatenated_String_with_Unique_Characters.swift in Sources */,
				6039534F2B7128C20053F1E3 /* Easy_0387_First_Unique_Character_in_a_String.swift in Sources */,
				600E93302B69623B003163AE /* Medium_0150_Evaluate_Reverse_Polish_Notation.swift in Sources */,
				601C4A812B56C4F500A5E210 /* Medium_0380_Insert_Delete_GetRandom_O(1).swift in Sources */,
				6013D32A2B4467FF0086DDD5 /* ViewController.swift in Sources */,
				604E3DFA2B729A1E00502B29 /* Medium_0049_Group_Anagrams.swift in Sources */,
				60B59BC92B5D80E4009A801D /* Medium_1375_Number_of_Times_Binary_String_Is_Prefix_Aligned.swift in Sources */,
				603AECAF2B6FF3080005286D /* Medium_0075_Sort_Colors.swift in Sources */,
				60B59BD12B5DEB64009A801D /* Easy_0645_Set_Mismatch.swift in Sources */,
				60080BB32B6D974D009E8A5E /* Medium_1291_Sequential_Digits.swift in Sources */,
				600CCF812B556E3B000F2508 /* Medium_2225_Find_Players_With_Zero_or_One_Losses.swift in Sources */,
				60A8EB1C2B49B96A0015C254 /* Easy_0026_Remove_Duplicates_From_Sorted_Array.swift in Sources */,
				60F6B00D2B53AC6D002500B6 /* Medium_1657_Determine_if_Two_Strings_Are_Close.swift in Sources */,
				601C4A842B57571300A5E210 /* Easy_1207_Unique_Number_of_Occurrences.swift in Sources */,
				60CCBE702B5EBB27003B8551 /* Medium_2870_Minimum_Number_of_Operations_to_Make_Array_Empty.swift in Sources */,
				602877E82B4711C8005457FE /* Easy_0013_Roman_To_Integer.swift in Sources */,
				600DABF62B5037FB00911CD9 /* Medium_1026_Maximum_Difference_Between_Node_and_Ancestor.swift in Sources */,
				601130B52B4827F400E78FE6 /* Easy_0021_Merge_Two_Sorted_Lists.swift in Sources */,
				60F6B0122B53BF19002500B6 /* Easy_0455_Assign_Cookies.swift in Sources */,
				6013D35D2B4469F70086DDD5 /* Easy_0001_Two_Sum.swift in Sources */,
				604E3E022B73901300502B29 /* Easy_0217_Contains_Duplicate.swift in Sources */,
				60CA78482B6557E500577AEF /* Hard_0629_K_Inverse_Pairs_Array.swift in Sources */,
				60CA78452B62C12100577AEF /* Medium_1143_Longest_Common_Subsequence.swift in Sources */,
				6013D3262B4467FF0086DDD5 /* AppDelegate.swift in Sources */,
				604E3DFD2B734B6F00502B29 /* Medium_0451_Sort_Characters_By_Frequency .swift in Sources */,
				60BA660A2B4DA844001E5B88 /* Easy_0136_Single_Number.swift in Sources */,
				60A4FFAA2B4C5A3700A2C56E /* Easy_0070_Climbing_Stairs.swift in Sources */,
				60B59BBF2B5D279C009A801D /* Medium_0198_House_Robber.swift in Sources */,
				60B59BBA2B5C3135009A801D /* Medium_0907_Sum_of_Subarray_Minimums.swift in Sources */,
				6098CC7A2B68067C00735F2C /* Easy_0232_Implement_Queue_using_Stacks.swift in Sources */,
				60BD83892B521BDE00991633 /* Medium_1347_Minimum_Number_of_Steps_to_Make_Two_Strings_Anagram.swift in Sources */,
				60BA662A2B4EF9C2001E5B88 /* Medium_2385_Amount_of_Time_for_Binary_Tree_to_Be_Infected.swift in Sources */,
				60BD83842B515F6600991633 /* Easy_1704_Determine_if_String_Halves_Are_Alike.swift in Sources */,
				6013D3282B4467FF0086DDD5 /* SceneDelegate.swift in Sources */,
				60FDB51F2B4B0CEB0006BEB9 /* Easy_0027_Remove_Element.swift in Sources */,
			);
			runOnlyForDeploymentPostprocessing = 0;
		};
		6013D3342B4468010086DDD5 /* Sources */ = {
			isa = PBXSourcesBuildPhase;
			buildActionMask = 2147483647;
			files = (
				60F6B0162B53BF43002500B6 /* Easy_0455_Assign_Cookies_Test.swift in Sources */,
				60B59BC02B5D279C009A801D /* Medium_0198_House_Robber.swift in Sources */,
				60B59BB52B5A94EB009A801D /* Medium_0931_Minimum_Falling_Path_Sum.swift in Sources */,
				60CA78492B6557E500577AEF /* Hard_0629_K_Inverse_Pairs_Array.swift in Sources */,
				60CCBE732B5EBC79003B8551 /* Medium_2870_Minimum_Number_of_Operations_to_Make_Array_Empty_Test.swift in Sources */,
				60BA660E2B4DA8C0001E5B88 /* Easy_0136_Single_Number_Test.swift in Sources */,
				60CA78462B62C12100577AEF /* Medium_1143_Longest_Common_Subsequence.swift in Sources */,
				60B59BCA2B5D80E4009A801D /* Medium_1375_Number_of_Times_Binary_String_Is_Prefix_Aligned.swift in Sources */,
				60B59BCC2B5D81E0009A801D /* Medium_1375_Number_of_Times_Binary_String_Is_Prefix_Aligned_Test.swift in Sources */,
				60BA66112B4DB0B0001E5B88 /* Easy_0872_Leaf_Similar_Trees.swift in Sources */,
				60BA662B2B4EF9C2001E5B88 /* Medium_2385_Amount_of_Time_for_Binary_Tree_to_Be_Infected.swift in Sources */,
				60B59BD42B5DEDD5009A801D /* Easy_0645_Set_Mismatch_Test.swift in Sources */,
				604E3E052B7390F600502B29 /* Easy_0217_Contains_Duplicate_Test.swift in Sources */,
				604E3E002B734DD200502B29 /* Medium_0451_Sort_Characters_By_Frequency_Test.swift in Sources */,
				6098CC7B2B68067C00735F2C /* Easy_0232_Implement_Queue_using_Stacks.swift in Sources */,
				60B59BB82B5A9523009A801D /* Medium_0931_Minimum_Falling_Path_Sum_Test.swift in Sources */,
				60B59BBD2B5C3168009A801D /* Medium_0907_Sum_of_Subarray_Minimums_Test.swift in Sources */,
				604E3E032B73901500502B29 /* Easy_0217_Contains_Duplicate.swift in Sources */,
				602877B22B45B5A6005457FE /* Easy_0009_Palindrome_Number.swift in Sources */,
				6013D35A2B4469860086DDD5 /* SolutionsTestsHelper.swift in Sources */,
				60B88F512B6011CE00553DDA /* Medium_1239_Maximum_Length_of_a_Concatenated_String_with_Unique_Characters.swift in Sources */,
				60A8EB1D2B49B96A0015C254 /* Easy_0026_Remove_Duplicates_From_Sorted_Array.swift in Sources */,
				60BD83872B51612C00991633 /* Easy_1704_Determine_if_String_Halves_Are_Alike_Test.swift in Sources */,
				60BD838A2B521BDE00991633 /* Medium_1347_Minimum_Number_of_Steps_to_Make_Two_Strings_Anagram.swift in Sources */,
				602877EA2B47128B005457FE /* Easy_0013_Roman_To_Integer_Test.swift in Sources */,
				60BD838C2B521F7A00991633 /* Medium_1347_Minimum_Number_of_Steps_to_Make_Two_Strings_Anagram_Test.swift in Sources */,
				603953502B7128C20053F1E3 /* Easy_0387_First_Unique_Character_in_a_String.swift in Sources */,
				6013D35E2B446A660086DDD5 /* Easy_0001_Two_Sum.swift in Sources */,
				604E3DFE2B734B6F00502B29 /* Medium_0451_Sort_Characters_By_Frequency .swift in Sources */,
				60080BB42B6D974D009E8A5E /* Medium_1291_Sequential_Digits.swift in Sources */,
				6013D3572B4468780086DDD5 /* Easy_0001_Two_Sum_Test.swift in Sources */,
				60B59BC52B5D7515009A801D /* Medium_2610_Convert_an_Array_Into_a_2D_Array_With_Conditions.swift in Sources */,
				60A8EB1F2B49B9CB0015C254 /* Easy_0026_Remove_Duplicates_From_Sorted_Array_Test.swift in Sources */,
				60B59BBB2B5C3135009A801D /* Medium_0907_Sum_of_Subarray_Minimums.swift in Sources */,
				60FDB5202B4B0CEB0006BEB9 /* Easy_0027_Remove_Element.swift in Sources */,
				603AECB22B6FF3330005286D /* Medium_0075_Sort_Colors_Test.swift in Sources */,
				60F6B0102B53B044002500B6 /* Medium_1657_Determine_if_Two_Strings_Are_Close.swift in Sources */,
				60BA662F2B4EFA11001E5B88 /* Medium_2385_Amount_of_Time_for_Binary_Tree_to_Be_Infected_Test.swift in Sources */,
				602877B12B45B529005457FE /* Easy_0009_Palindrome_Number_Test.swift in Sources */,
				600CCF842B556E68000F2508 /* Medium_2225_Find_Players_With_Zero_or_One_Losses_Test.swift in Sources */,
				60A4FFAE2B4C5C2C00A2C56E /* Easy_0070_Climbing_Stairs_Test.swift in Sources */,
				603AECB02B6FF30B0005286D /* Medium_0075_Sort_Colors.swift in Sources */,
				60BA66142B4DB32F001E5B88 /* Easy_0872_Leaf_Similar_Trees_Test.swift in Sources */,
				601C4A872B57580200A5E210 /* Easy_1207_Unique_Number_of_Occurrences_Test.swift in Sources */,
				60B59BC72B5D766F009A801D /* Medium_2610_Convert_an_Array_Into_a_2D_Array_With_Conditions_Test.swift in Sources */,
				60A4FFAB2B4C5A3700A2C56E /* Easy_0070_Climbing_Stairs.swift in Sources */,
				600E93312B69623B003163AE /* Medium_0150_Evaluate_Reverse_Polish_Notation.swift in Sources */,
				60BA660B2B4DA844001E5B88 /* Easy_0136_Single_Number.swift in Sources */,
				600CCF822B556E3B000F2508 /* Medium_2225_Find_Players_With_Zero_or_One_Losses.swift in Sources */,
				60FDB5232B4B0D100006BEB9 /* Easy_0027_Remove_Element_Test.swift in Sources */,
				60B88F542B60155400553DDA /* Medium_1239_Maximum_Length_of_a_Concatenated_String_with_Unique_Characters_Test.swift in Sources */,
				60F6B0132B53BF19002500B6 /* Easy_0455_Assign_Cookies.swift in Sources */,
				604E3DFB2B729A1E00502B29 /* Medium_0049_Group_Anagrams.swift in Sources */,
				601C4A822B56C4F500A5E210 /* Medium_0380_Insert_Delete_GetRandom_O(1).swift in Sources */,
				602877EB2B4712EE005457FE /* Easy_0013_Roman_To_Integer.swift in Sources */,
				60F6B00F2B53B01C002500B6 /* Medium_1657_Determine_if_Two_Strings_Are_Close_Test.swift in Sources */,
				601C4A852B57571300A5E210 /* Easy_1207_Unique_Number_of_Occurrences.swift in Sources */,
				60B59BC22B5D2F50009A801D /* Medium_0198_House_Robber_Test.swift in Sources */,
				60BD83852B515F6600991633 /* Easy_1704_Determine_if_String_Halves_Are_Alike.swift in Sources */,
				600DABF72B5037FB00911CD9 /* Medium_1026_Maximum_Difference_Between_Node_and_Ancestor.swift in Sources */,
				6013D33D2B4468010086DDD5 /* LeetCodeSolutionTests.swift in Sources */,
				600DABF92B503E5400911CD9 /* Medium_1026_Maximum_Difference_Between_Node_and_Ancestor_Test.swift in Sources */,
				603953522B712D6F0053F1E3 /* Easy_0387_First_Unique_Character_in_a_String_Test.swift in Sources */,
				60B59BD22B5DEB64009A801D /* Easy_0645_Set_Mismatch.swift in Sources */,
				60CCBE712B5EBB27003B8551 /* Medium_2870_Minimum_Number_of_Operations_to_Make_Array_Empty.swift in Sources */,
			);
			runOnlyForDeploymentPostprocessing = 0;
		};
		6013D33E2B4468010086DDD5 /* Sources */ = {
			isa = PBXSourcesBuildPhase;
			buildActionMask = 2147483647;
			files = (
				6013D3492B4468010086DDD5 /* LeetCodeSolutionUITestsLaunchTests.swift in Sources */,
				6013D3472B4468010086DDD5 /* LeetCodeSolutionUITests.swift in Sources */,
			);
			runOnlyForDeploymentPostprocessing = 0;
		};
/* End PBXSourcesBuildPhase section */

/* Begin PBXTargetDependency section */
		6013D33A2B4468010086DDD5 /* PBXTargetDependency */ = {
			isa = PBXTargetDependency;
			target = 6013D3212B4467FF0086DDD5 /* LeetCodeSolution */;
			targetProxy = 6013D3392B4468010086DDD5 /* PBXContainerItemProxy */;
		};
		6013D3442B4468010086DDD5 /* PBXTargetDependency */ = {
			isa = PBXTargetDependency;
			target = 6013D3212B4467FF0086DDD5 /* LeetCodeSolution */;
			targetProxy = 6013D3432B4468010086DDD5 /* PBXContainerItemProxy */;
		};
/* End PBXTargetDependency section */

/* Begin PBXVariantGroup section */
		6013D32B2B4467FF0086DDD5 /* Main.storyboard */ = {
			isa = PBXVariantGroup;
			children = (
				6013D32C2B4467FF0086DDD5 /* Base */,
			);
			name = Main.storyboard;
			sourceTree = "<group>";
		};
		6013D3302B4468010086DDD5 /* LaunchScreen.storyboard */ = {
			isa = PBXVariantGroup;
			children = (
				6013D3312B4468010086DDD5 /* Base */,
			);
			name = LaunchScreen.storyboard;
			sourceTree = "<group>";
		};
/* End PBXVariantGroup section */

/* Begin XCBuildConfiguration section */
		6013D34A2B4468010086DDD5 /* Debug */ = {
			isa = XCBuildConfiguration;
			buildSettings = {
				ALWAYS_SEARCH_USER_PATHS = NO;
				CLANG_ANALYZER_NONNULL = YES;
				CLANG_ANALYZER_NUMBER_OBJECT_CONVERSION = YES_AGGRESSIVE;
				CLANG_CXX_LANGUAGE_STANDARD = "gnu++20";
				CLANG_ENABLE_MODULES = YES;
				CLANG_ENABLE_OBJC_ARC = YES;
				CLANG_ENABLE_OBJC_WEAK = YES;
				CLANG_WARN_BLOCK_CAPTURE_AUTORELEASING = YES;
				CLANG_WARN_BOOL_CONVERSION = YES;
				CLANG_WARN_COMMA = YES;
				CLANG_WARN_CONSTANT_CONVERSION = YES;
				CLANG_WARN_DEPRECATED_OBJC_IMPLEMENTATIONS = YES;
				CLANG_WARN_DIRECT_OBJC_ISA_USAGE = YES_ERROR;
				CLANG_WARN_DOCUMENTATION_COMMENTS = YES;
				CLANG_WARN_EMPTY_BODY = YES;
				CLANG_WARN_ENUM_CONVERSION = YES;
				CLANG_WARN_INFINITE_RECURSION = YES;
				CLANG_WARN_INT_CONVERSION = YES;
				CLANG_WARN_NON_LITERAL_NULL_CONVERSION = YES;
				CLANG_WARN_OBJC_IMPLICIT_RETAIN_SELF = YES;
				CLANG_WARN_OBJC_LITERAL_CONVERSION = YES;
				CLANG_WARN_OBJC_ROOT_CLASS = YES_ERROR;
				CLANG_WARN_QUOTED_INCLUDE_IN_FRAMEWORK_HEADER = YES;
				CLANG_WARN_RANGE_LOOP_ANALYSIS = YES;
				CLANG_WARN_STRICT_PROTOTYPES = YES;
				CLANG_WARN_SUSPICIOUS_MOVE = YES;
				CLANG_WARN_UNGUARDED_AVAILABILITY = YES_AGGRESSIVE;
				CLANG_WARN_UNREACHABLE_CODE = YES;
				CLANG_WARN__DUPLICATE_METHOD_MATCH = YES;
				COPY_PHASE_STRIP = NO;
				DEBUG_INFORMATION_FORMAT = dwarf;
				ENABLE_STRICT_OBJC_MSGSEND = YES;
				ENABLE_TESTABILITY = YES;
				GCC_C_LANGUAGE_STANDARD = gnu11;
				GCC_DYNAMIC_NO_PIC = NO;
				GCC_NO_COMMON_BLOCKS = YES;
				GCC_OPTIMIZATION_LEVEL = 0;
				GCC_PREPROCESSOR_DEFINITIONS = (
					"DEBUG=1",
					"$(inherited)",
				);
				GCC_WARN_64_TO_32_BIT_CONVERSION = YES;
				GCC_WARN_ABOUT_RETURN_TYPE = YES_ERROR;
				GCC_WARN_UNDECLARED_SELECTOR = YES;
				GCC_WARN_UNINITIALIZED_AUTOS = YES_AGGRESSIVE;
				GCC_WARN_UNUSED_FUNCTION = YES;
				GCC_WARN_UNUSED_VARIABLE = YES;
				IPHONEOS_DEPLOYMENT_TARGET = 16.2;
				MTL_ENABLE_DEBUG_INFO = INCLUDE_SOURCE;
				MTL_FAST_MATH = YES;
				ONLY_ACTIVE_ARCH = YES;
				SDKROOT = iphoneos;
				SWIFT_ACTIVE_COMPILATION_CONDITIONS = DEBUG;
				SWIFT_OPTIMIZATION_LEVEL = "-Onone";
			};
			name = Debug;
		};
		6013D34B2B4468010086DDD5 /* Release */ = {
			isa = XCBuildConfiguration;
			buildSettings = {
				ALWAYS_SEARCH_USER_PATHS = NO;
				CLANG_ANALYZER_NONNULL = YES;
				CLANG_ANALYZER_NUMBER_OBJECT_CONVERSION = YES_AGGRESSIVE;
				CLANG_CXX_LANGUAGE_STANDARD = "gnu++20";
				CLANG_ENABLE_MODULES = YES;
				CLANG_ENABLE_OBJC_ARC = YES;
				CLANG_ENABLE_OBJC_WEAK = YES;
				CLANG_WARN_BLOCK_CAPTURE_AUTORELEASING = YES;
				CLANG_WARN_BOOL_CONVERSION = YES;
				CLANG_WARN_COMMA = YES;
				CLANG_WARN_CONSTANT_CONVERSION = YES;
				CLANG_WARN_DEPRECATED_OBJC_IMPLEMENTATIONS = YES;
				CLANG_WARN_DIRECT_OBJC_ISA_USAGE = YES_ERROR;
				CLANG_WARN_DOCUMENTATION_COMMENTS = YES;
				CLANG_WARN_EMPTY_BODY = YES;
				CLANG_WARN_ENUM_CONVERSION = YES;
				CLANG_WARN_INFINITE_RECURSION = YES;
				CLANG_WARN_INT_CONVERSION = YES;
				CLANG_WARN_NON_LITERAL_NULL_CONVERSION = YES;
				CLANG_WARN_OBJC_IMPLICIT_RETAIN_SELF = YES;
				CLANG_WARN_OBJC_LITERAL_CONVERSION = YES;
				CLANG_WARN_OBJC_ROOT_CLASS = YES_ERROR;
				CLANG_WARN_QUOTED_INCLUDE_IN_FRAMEWORK_HEADER = YES;
				CLANG_WARN_RANGE_LOOP_ANALYSIS = YES;
				CLANG_WARN_STRICT_PROTOTYPES = YES;
				CLANG_WARN_SUSPICIOUS_MOVE = YES;
				CLANG_WARN_UNGUARDED_AVAILABILITY = YES_AGGRESSIVE;
				CLANG_WARN_UNREACHABLE_CODE = YES;
				CLANG_WARN__DUPLICATE_METHOD_MATCH = YES;
				COPY_PHASE_STRIP = NO;
				DEBUG_INFORMATION_FORMAT = "dwarf-with-dsym";
				ENABLE_NS_ASSERTIONS = NO;
				ENABLE_STRICT_OBJC_MSGSEND = YES;
				GCC_C_LANGUAGE_STANDARD = gnu11;
				GCC_NO_COMMON_BLOCKS = YES;
				GCC_WARN_64_TO_32_BIT_CONVERSION = YES;
				GCC_WARN_ABOUT_RETURN_TYPE = YES_ERROR;
				GCC_WARN_UNDECLARED_SELECTOR = YES;
				GCC_WARN_UNINITIALIZED_AUTOS = YES_AGGRESSIVE;
				GCC_WARN_UNUSED_FUNCTION = YES;
				GCC_WARN_UNUSED_VARIABLE = YES;
				IPHONEOS_DEPLOYMENT_TARGET = 16.2;
				MTL_ENABLE_DEBUG_INFO = NO;
				MTL_FAST_MATH = YES;
				SDKROOT = iphoneos;
				SWIFT_COMPILATION_MODE = wholemodule;
				SWIFT_OPTIMIZATION_LEVEL = "-O";
				VALIDATE_PRODUCT = YES;
			};
			name = Release;
		};
		6013D34D2B4468010086DDD5 /* Debug */ = {
			isa = XCBuildConfiguration;
			buildSettings = {
				ASSETCATALOG_COMPILER_APPICON_NAME = AppIcon;
				ASSETCATALOG_COMPILER_GLOBAL_ACCENT_COLOR_NAME = AccentColor;
				CODE_SIGN_STYLE = Automatic;
				CURRENT_PROJECT_VERSION = 1;
				GENERATE_INFOPLIST_FILE = YES;
				INFOPLIST_FILE = LeetCodeSolution/Info.plist;
				INFOPLIST_KEY_UIApplicationSupportsIndirectInputEvents = YES;
				INFOPLIST_KEY_UILaunchStoryboardName = LaunchScreen;
				INFOPLIST_KEY_UIMainStoryboardFile = Main;
				INFOPLIST_KEY_UISupportedInterfaceOrientations_iPad = "UIInterfaceOrientationPortrait UIInterfaceOrientationPortraitUpsideDown UIInterfaceOrientationLandscapeLeft UIInterfaceOrientationLandscapeRight";
				INFOPLIST_KEY_UISupportedInterfaceOrientations_iPhone = "UIInterfaceOrientationPortrait UIInterfaceOrientationLandscapeLeft UIInterfaceOrientationLandscapeRight";
				LD_RUNPATH_SEARCH_PATHS = (
					"$(inherited)",
					"@executable_path/Frameworks",
				);
				MARKETING_VERSION = 1.0;
				PRODUCT_BUNDLE_IDENTIFIER = com.loaded.LeetCodeSolution;
				PRODUCT_NAME = "$(TARGET_NAME)";
				SWIFT_EMIT_LOC_STRINGS = YES;
				SWIFT_VERSION = 5.0;
				TARGETED_DEVICE_FAMILY = "1,2";
			};
			name = Debug;
		};
		6013D34E2B4468010086DDD5 /* Release */ = {
			isa = XCBuildConfiguration;
			buildSettings = {
				ASSETCATALOG_COMPILER_APPICON_NAME = AppIcon;
				ASSETCATALOG_COMPILER_GLOBAL_ACCENT_COLOR_NAME = AccentColor;
				CODE_SIGN_STYLE = Automatic;
				CURRENT_PROJECT_VERSION = 1;
				GENERATE_INFOPLIST_FILE = YES;
				INFOPLIST_FILE = LeetCodeSolution/Info.plist;
				INFOPLIST_KEY_UIApplicationSupportsIndirectInputEvents = YES;
				INFOPLIST_KEY_UILaunchStoryboardName = LaunchScreen;
				INFOPLIST_KEY_UIMainStoryboardFile = Main;
				INFOPLIST_KEY_UISupportedInterfaceOrientations_iPad = "UIInterfaceOrientationPortrait UIInterfaceOrientationPortraitUpsideDown UIInterfaceOrientationLandscapeLeft UIInterfaceOrientationLandscapeRight";
				INFOPLIST_KEY_UISupportedInterfaceOrientations_iPhone = "UIInterfaceOrientationPortrait UIInterfaceOrientationLandscapeLeft UIInterfaceOrientationLandscapeRight";
				LD_RUNPATH_SEARCH_PATHS = (
					"$(inherited)",
					"@executable_path/Frameworks",
				);
				MARKETING_VERSION = 1.0;
				PRODUCT_BUNDLE_IDENTIFIER = com.loaded.LeetCodeSolution;
				PRODUCT_NAME = "$(TARGET_NAME)";
				SWIFT_EMIT_LOC_STRINGS = YES;
				SWIFT_VERSION = 5.0;
				TARGETED_DEVICE_FAMILY = "1,2";
			};
			name = Release;
		};
		6013D3502B4468010086DDD5 /* Debug */ = {
			isa = XCBuildConfiguration;
			buildSettings = {
				ALWAYS_EMBED_SWIFT_STANDARD_LIBRARIES = YES;
				BUNDLE_LOADER = "$(TEST_HOST)";
				CODE_SIGN_STYLE = Automatic;
				CURRENT_PROJECT_VERSION = 1;
				GENERATE_INFOPLIST_FILE = YES;
				IPHONEOS_DEPLOYMENT_TARGET = 16.2;
				MARKETING_VERSION = 1.0;
				PRODUCT_BUNDLE_IDENTIFIER = com.loaded.LeetCodeSolutionTests;
				PRODUCT_NAME = "$(TARGET_NAME)";
				SWIFT_EMIT_LOC_STRINGS = NO;
				SWIFT_VERSION = 5.0;
				TARGETED_DEVICE_FAMILY = "1,2";
				TEST_HOST = "$(BUILT_PRODUCTS_DIR)/LeetCodeSolution.app/$(BUNDLE_EXECUTABLE_FOLDER_PATH)/LeetCodeSolution";
			};
			name = Debug;
		};
		6013D3512B4468010086DDD5 /* Release */ = {
			isa = XCBuildConfiguration;
			buildSettings = {
				ALWAYS_EMBED_SWIFT_STANDARD_LIBRARIES = YES;
				BUNDLE_LOADER = "$(TEST_HOST)";
				CODE_SIGN_STYLE = Automatic;
				CURRENT_PROJECT_VERSION = 1;
				GENERATE_INFOPLIST_FILE = YES;
				IPHONEOS_DEPLOYMENT_TARGET = 16.2;
				MARKETING_VERSION = 1.0;
				PRODUCT_BUNDLE_IDENTIFIER = com.loaded.LeetCodeSolutionTests;
				PRODUCT_NAME = "$(TARGET_NAME)";
				SWIFT_EMIT_LOC_STRINGS = NO;
				SWIFT_VERSION = 5.0;
				TARGETED_DEVICE_FAMILY = "1,2";
				TEST_HOST = "$(BUILT_PRODUCTS_DIR)/LeetCodeSolution.app/$(BUNDLE_EXECUTABLE_FOLDER_PATH)/LeetCodeSolution";
			};
			name = Release;
		};
		6013D3532B4468010086DDD5 /* Debug */ = {
			isa = XCBuildConfiguration;
			buildSettings = {
				ALWAYS_EMBED_SWIFT_STANDARD_LIBRARIES = YES;
				CODE_SIGN_STYLE = Automatic;
				CURRENT_PROJECT_VERSION = 1;
				GENERATE_INFOPLIST_FILE = YES;
				MARKETING_VERSION = 1.0;
				PRODUCT_BUNDLE_IDENTIFIER = com.loaded.LeetCodeSolutionUITests;
				PRODUCT_NAME = "$(TARGET_NAME)";
				SWIFT_EMIT_LOC_STRINGS = NO;
				SWIFT_VERSION = 5.0;
				TARGETED_DEVICE_FAMILY = "1,2";
				TEST_TARGET_NAME = LeetCodeSolution;
			};
			name = Debug;
		};
		6013D3542B4468010086DDD5 /* Release */ = {
			isa = XCBuildConfiguration;
			buildSettings = {
				ALWAYS_EMBED_SWIFT_STANDARD_LIBRARIES = YES;
				CODE_SIGN_STYLE = Automatic;
				CURRENT_PROJECT_VERSION = 1;
				GENERATE_INFOPLIST_FILE = YES;
				MARKETING_VERSION = 1.0;
				PRODUCT_BUNDLE_IDENTIFIER = com.loaded.LeetCodeSolutionUITests;
				PRODUCT_NAME = "$(TARGET_NAME)";
				SWIFT_EMIT_LOC_STRINGS = NO;
				SWIFT_VERSION = 5.0;
				TARGETED_DEVICE_FAMILY = "1,2";
				TEST_TARGET_NAME = LeetCodeSolution;
			};
			name = Release;
		};
/* End XCBuildConfiguration section */

/* Begin XCConfigurationList section */
		6013D31D2B4467FF0086DDD5 /* Build configuration list for PBXProject "LeetCodeSolution" */ = {
			isa = XCConfigurationList;
			buildConfigurations = (
				6013D34A2B4468010086DDD5 /* Debug */,
				6013D34B2B4468010086DDD5 /* Release */,
			);
			defaultConfigurationIsVisible = 0;
			defaultConfigurationName = Release;
		};
		6013D34C2B4468010086DDD5 /* Build configuration list for PBXNativeTarget "LeetCodeSolution" */ = {
			isa = XCConfigurationList;
			buildConfigurations = (
				6013D34D2B4468010086DDD5 /* Debug */,
				6013D34E2B4468010086DDD5 /* Release */,
			);
			defaultConfigurationIsVisible = 0;
			defaultConfigurationName = Release;
		};
		6013D34F2B4468010086DDD5 /* Build configuration list for PBXNativeTarget "LeetCodeSolutionTests" */ = {
			isa = XCConfigurationList;
			buildConfigurations = (
				6013D3502B4468010086DDD5 /* Debug */,
				6013D3512B4468010086DDD5 /* Release */,
			);
			defaultConfigurationIsVisible = 0;
			defaultConfigurationName = Release;
		};
		6013D3522B4468010086DDD5 /* Build configuration list for PBXNativeTarget "LeetCodeSolutionUITests" */ = {
			isa = XCConfigurationList;
			buildConfigurations = (
				6013D3532B4468010086DDD5 /* Debug */,
				6013D3542B4468010086DDD5 /* Release */,
			);
			defaultConfigurationIsVisible = 0;
			defaultConfigurationName = Release;
		};
/* End XCConfigurationList section */
	};
	rootObject = 6013D31A2B4467FF0086DDD5 /* Project object */;
}
